<?xml version="1.0" encoding="utf-8"?>
<Project ToolsVersion="4.0" xmlns="http://schemas.microsoft.com/developer/msbuild/2003">
  <ItemGroup>
    <Filter Include="Source Files">
      <UniqueIdentifier>{a3002683-2e62-4542-8d0f-526d0fc0f94d}</UniqueIdentifier>
      <Extensions>cpp;c;cxx;rc;def;r;odl;idl;hpj;bat</Extensions>
    </Filter>
    <Filter Include="Header Files">
      <UniqueIdentifier>{c5d6bfbe-6195-4502-b094-f58f9d51006d}</UniqueIdentifier>
      <Extensions>h;hpp;hxx;hm;inl</Extensions>
    </Filter>
    <Filter Include="Resource Files">
      <UniqueIdentifier>{7cb229f4-7f16-4b70-b197-739b015225f7}</UniqueIdentifier>
      <Extensions>ico;cur;bmp;dlg;rc2;rct;bin;cnt;rtf;gif;jpg;jpeg;jpe</Extensions>
    </Filter>
  </ItemGroup>
  <ItemGroup>
    <ClCompile Include="3dformv.cpp">
      <Filter>Source Files</Filter>
    </ClCompile>
    <ClCompile Include="AboutDlg.cpp">
      <Filter>Source Files</Filter>
    </ClCompile>
    <ClCompile Include="AboutEMS.cpp">
      <Filter>Source Files</Filter>
    </ClCompile>
    <ClCompile Include="acapdlg.cpp">
      <Filter>Source Files</Filter>
    </ClCompile>
    <ClCompile Include="address.cpp">
      <Filter>Source Files</Filter>
    </ClCompile>
    <ClCompile Include="AdView.cpp">
      <Filter>Source Files</Filter>
    </ClCompile>
    <ClCompile Include="AdWazooBar.cpp">
      <Filter>Source Files</Filter>
    </ClCompile>
    <ClCompile Include="AdWazooWnd.cpp">
      <Filter>Source Files</Filter>
    </ClCompile>
    <ClCompile Include="AMBIENTS.CPP">
      <Filter>Source Files</Filter>
    </ClCompile>
    <ClCompile Include="AuditEvents.cpp">
      <Filter>Source Files</Filter>
    </ClCompile>
    <ClCompile Include="AuditLog.cpp">
      <Filter>Source Files</Filter>
    </ClCompile>
    <ClCompile Include="AuthRPA.cpp">
      <Filter>Source Files</Filter>
    </ClCompile>
    <ClCompile Include="AutoCompleteSearcher.cpp">
      <Filter>Source Files</Filter>
    </ClCompile>
    <ClCompile Include="Automation.cpp">
      <Filter>Source Files</Filter>
    </ClCompile>
    <ClCompile Include="Base64.cpp">
      <Filter>Source Files</Filter>
    </ClCompile>
    <ClCompile Include="binhex.cpp">
      <Filter>Source Files</Filter>
    </ClCompile>
    <ClCompile Include="BlahBlahBlahView.cpp">
      <Filter>Source Files</Filter>
    </ClCompile>
    <ClCompile Include="bmpcombo.cpp">
      <Filter>Source Files</Filter>
    </ClCompile>
    <ClCompile Include="BossProtector.cpp">
      <Filter>Source Files</Filter>
    </ClCompile>
    <ClCompile Include="Bstr.cpp">
      <Filter>Source Files</Filter>
    </ClCompile>
    <ClCompile Include="CAdFailureNagTask.cpp">
      <Filter>Source Files</Filter>
    </ClCompile>
    <ClCompile Include="CAuditNagTask.cpp">
      <Filter>Source Files</Filter>
    </ClCompile>
    <ClCompile Include="CDemoExpireNagTask.cpp">
      <Filter>Source Files</Filter>
    </ClCompile>
    <ClCompile Include="CertManagerDlg.cpp">
      <Filter>Source Files</Filter>
    </ClCompile>
    <ClCompile Include="CFullFeatureNagTask.cpp">
      <Filter>Source Files</Filter>
    </ClCompile>
    <ClCompile Include="changeq.cpp">
      <Filter>Source Files</Filter>
    </ClCompile>
    <ClCompile Include="ClipboardMgr.cpp">
      <Filter>Source Files</Filter>
    </ClCompile>
    <ClCompile Include="CNagManager.cpp">
      <Filter>Source Files</Filter>
    </ClCompile>
    <ClCompile Include="CNagTask.cpp">
      <Filter>Source Files</Filter>
    </ClCompile>
    <ClCompile Include="COLORLIS.CPP">
      <Filter>Source Files</Filter>
    </ClCompile>
    <ClCompile Include="ColorToolbarButton.cpp">
      <Filter>Source Files</Filter>
    </ClCompile>
    <ClCompile Include="ComboBoxEnhanced.cpp">
      <Filter>Source Files</Filter>
    </ClCompile>
    <ClCompile Include="CompMessageFrame.cpp">
      <Filter>Source Files</Filter>
    </ClCompile>
    <ClCompile Include="compmsgd.cpp">
      <Filter>Source Files</Filter>
    </ClCompile>
    <ClCompile Include="ConConMessage.cpp">
      <Filter>Source Files</Filter>
    </ClCompile>
    <ClCompile Include="ConConProfile.cpp">
      <Filter>Source Files</Filter>
    </ClCompile>
    <ClCompile Include="ContainerView.cpp">
      <Filter>Source Files</Filter>
    </ClCompile>
    <ClCompile Include="ContentConcentrator.cpp">
      <Filter>Source Files</Filter>
    </ClCompile>
    <ClCompile Include="controls.cpp">
      <Filter>Source Files</Filter>
    </ClCompile>
    <ClCompile Include="Convhtml.cpp">
      <Filter>Source Files</Filter>
    </ClCompile>
    <ClCompile Include="CoolButton.cpp">
      <Filter>Source Files</Filter>
    </ClCompile>
    <ClCompile Include="CRegisterNagTask.cpp">
      <Filter>Source Files</Filter>
    </ClCompile>
    <ClCompile Include="CUpdateNagTask.cpp">
      <Filter>Source Files</Filter>
    </ClCompile>
    <ClCompile Include="cursor.cpp">
      <Filter>Source Files</Filter>
    </ClCompile>
    <ClCompile Include="ddeclien.cpp">
      <Filter>Source Files</Filter>
    </ClCompile>
    <ClCompile Include="ddeserve.cpp">
      <Filter>Source Files</Filter>
    </ClCompile>
    <ClCompile Include="ddestr.cpp">
      <Filter>Source Files</Filter>
    </ClCompile>
    <ClCompile Include="doc.cpp">
      <Filter>Source Files</Filter>
    </ClCompile>
    <ClCompile Include="DockBar.cpp">
      <Filter>Source Files</Filter>
    </ClCompile>
    <ClCompile Include="DynamicMailboxMenu.cpp">
      <Filter>Source Files</Filter>
    </ClCompile>
    <ClCompile Include="DynamicMenu.cpp">
      <Filter>Source Files</Filter>
    </ClCompile>
    <ClCompile Include="DynamicPersonalityMenu.cpp">
      <Filter>Source Files</Filter>
    </ClCompile>
    <ClCompile Include="DynamicPluginMenu.cpp">
      <Filter>Source Files</Filter>
    </ClCompile>
    <ClCompile Include="DynamicRecipientMenu.cpp">
      <Filter>Source Files</Filter>
    </ClCompile>
    <ClCompile Include="DynamicSavedSearchMenu.cpp">
      <Filter>Source Files</Filter>
    </ClCompile>
    <ClCompile Include="DynamicStationeryMenu.cpp">
      <Filter>Source Files</Filter>
    </ClCompile>
    <ClCompile Include="ehlo.cpp">
      <Filter>Source Files</Filter>
    </ClCompile>
    <ClCompile Include="EmoticonManager.cpp">
      <Filter>Source Files</Filter>
    </ClCompile>
    <ClCompile Include="EmoticonMenu.cpp">
      <Filter>Source Files</Filter>
    </ClCompile>
    <ClCompile Include="EmoticonToolbarButton.cpp">
      <Filter>Source Files</Filter>
    </ClCompile>
    <ClCompile Include="etf2html.cpp">
      <Filter>Source Files</Filter>
    </ClCompile>
    <ClCompile Include="eudora.cpp">
      <Filter>Source Files</Filter>
    </ClCompile>
    <ClCompile Include="EudoraExe.cpp">
      <Filter>Source Files</Filter>
    </ClCompile>
    <ClCompile Include="eudordoc.cpp">
      <Filter>Source Files</Filter>
    </ClCompile>
    <ClCompile Include="eudorvw.cpp">
      <Filter>Source Files</Filter>
    </ClCompile>
    <ClCompile Include="eugraph.cpp">
      <Filter>Source Files</Filter>
    </ClCompile>
    <ClCompile Include="ExceptionHandler.cpp">
      <Filter>Source Files</Filter>
    </ClCompile>
    <ClCompile Include="ExtLaunchMgr.cpp">
      <Filter>Source Files</Filter>
    </ClCompile>
    <ClCompile Include="FaceNameDialog.cpp">
      <Filter>Source Files</Filter>
    </ClCompile>
    <ClCompile Include="FaceTime.cpp">
      <Filter>Source Files</Filter>
    </ClCompile>
    <ClCompile Include="FileBrowseView.cpp">
      <Filter>Source Files</Filter>
    </ClCompile>
    <ClCompile Include="FileBrowseWazooWnd.cpp">
      <Filter>Source Files</Filter>
    </ClCompile>
    <ClCompile Include="FileLineReader.cpp">
      <Filter>Source Files</Filter>
    </ClCompile>
    <ClCompile Include="fileutil.cpp">
      <Filter>Source Files</Filter>
    </ClCompile>
    <ClCompile Include="FilterReportView.cpp">
      <Filter>Source Files</Filter>
    </ClCompile>
    <ClCompile Include="FilterReportWazooWnd.cpp">
      <Filter>Source Files</Filter>
    </ClCompile>
    <ClCompile Include="filtersd.cpp">
      <Filter>Source Files</Filter>
    </ClCompile>
    <ClCompile Include="filtersv.cpp">
      <Filter>Source Files</Filter>
    </ClCompile>
    <ClCompile Include="FiltersWazooWnd.cpp">
      <Filter>Source Files</Filter>
    </ClCompile>
    <ClCompile Include="FindDlg.cpp">
      <Filter>Source Files</Filter>
    </ClCompile>
    <ClCompile Include="font.cpp">
      <Filter>Source Files</Filter>
    </ClCompile>
    <ClCompile Include="GenericReader.cpp">
      <Filter>Source Files</Filter>
    </ClCompile>
    <ClCompile Include="GetMail.cpp">
      <Filter>Source Files</Filter>
    </ClCompile>
    <ClCompile Include="GoogleDesktopComponentRegistration.cpp">
      <Filter>Source Files</Filter>
    </ClCompile>
    <ClCompile Include="guiutils.cpp">
      <Filter>Source Files</Filter>
    </ClCompile>
    <ClCompile Include="header.cpp">
      <Filter>Source Files</Filter>
    </ClCompile>
    <ClCompile Include="headervw.cpp">
      <Filter>Source Files</Filter>
    </ClCompile>
    <ClCompile Include="helpcntx.cpp">
      <Filter>Source Files</Filter>
    </ClCompile>
    <ClCompile Include="helpxdlg.cpp">
      <Filter>Source Files</Filter>
    </ClCompile>
    <ClCompile Include="hexbin.cpp">
      <Filter>Source Files</Filter>
    </ClCompile>
    <ClCompile Include="hostlist.cpp">
      <Filter>Source Files</Filter>
    </ClCompile>
    <ClCompile Include="html2text.cpp">
      <Filter>Source Files</Filter>
    </ClCompile>
    <ClCompile Include="HTMLUtils.cpp">
      <Filter>Source Files</Filter>
    </ClCompile>
    <ClCompile Include="IADVSINK.CPP">
      <Filter>Source Files</Filter>
    </ClCompile>
    <ClCompile Include="ICLISITE.CPP">
      <Filter>Source Files</Filter>
    </ClCompile>
    <ClCompile Include="IDocHostShowUI.cpp">
      <Filter>Source Files</Filter>
    </ClCompile>
    <ClCompile Include="IDocHostUIHandler.cpp">
      <Filter>Source Files</Filter>
    </ClCompile>
    <ClCompile Include="IDOCSITE.CPP">
      <Filter>Source Files</Filter>
    </ClCompile>
    <ClCompile Include="IIPSITE.CPP">
      <Filter>Source Files</Filter>
    </ClCompile>
    <ClCompile Include="ImportAdvDlog.cpp">
      <Filter>Source Files</Filter>
    </ClCompile>
    <ClCompile Include="ImportMailDlog.cpp">
      <Filter>Source Files</Filter>
    </ClCompile>
    <ClCompile Include="InsertLinkDialog.cpp">
      <Filter>Source Files</Filter>
    </ClCompile>
    <ClCompile Include="JunkMail.cpp">
      <Filter>Source Files</Filter>
    </ClCompile>
    <ClCompile Include="Kerberos.cpp">
      <Filter>Source Files</Filter>
    </ClCompile>
    <ClCompile Include="LabelComboBox.cpp">
      <Filter>Source Files</Filter>
    </ClCompile>
    <ClCompile Include="lex822.cpp">
      <Filter>Source Files</Filter>
    </ClCompile>
    <ClCompile Include="LHOfflineLinkDialog.cpp">
      <Filter>Source Files</Filter>
    </ClCompile>
    <ClCompile Include="LHRemindDialog.cpp">
      <Filter>Source Files</Filter>
    </ClCompile>
    <ClCompile Include="LinkHistoryList.cpp">
      <Filter>Source Files</Filter>
    </ClCompile>
    <ClCompile Include="LinkHistoryManager.cpp">
      <Filter>Source Files</Filter>
    </ClCompile>
    <ClCompile Include="LinkHistoryWazooWnd.cpp">
      <Filter>Source Files</Filter>
    </ClCompile>
    <ClCompile Include="ListCtrlEx.cpp">
      <Filter>Source Files</Filter>
    </ClCompile>
    <ClCompile Include="mainfrm.cpp">
      <Filter>Source Files</Filter>
    </ClCompile>
    <ClCompile Include="MakeFilter.cpp">
      <Filter>Source Files</Filter>
    </ClCompile>
    <ClCompile Include="mapicmc.cpp">
      <Filter>Source Files</Filter>
    </ClCompile>
    <ClCompile Include="MAPIImport.cpp">
      <Filter>Source Files</Filter>
    </ClCompile>
    <ClCompile Include="mapiinst.cpp">
      <Filter>Source Files</Filter>
    </ClCompile>
    <ClCompile Include="mboxtree.cpp">
      <Filter>Source Files</Filter>
    </ClCompile>
    <ClCompile Include="MBoxTreeCtrlCheck.cpp">
      <Filter>Source Files</Filter>
    </ClCompile>
    <ClCompile Include="MboxWazooWnd.cpp">
      <Filter>Source Files</Filter>
    </ClCompile>
    <ClCompile Include="md5.cpp">
      <Filter>Source Files</Filter>
    </ClCompile>
    <ClCompile Include="mdichild.cpp">
      <Filter>Source Files</Filter>
    </ClCompile>
    <ClCompile Include="mdidrag.cpp">
      <Filter>Source Files</Filter>
    </ClCompile>
    <ClCompile Include="mime.cpp">
      <Filter>Source Files</Filter>
    </ClCompile>
    <ClCompile Include="MIMEMap.cpp">
      <Filter>Source Files</Filter>
    </ClCompile>
    <ClCompile Include="MimeStorage.cpp">
      <Filter>Source Files</Filter>
    </ClCompile>
    <ClCompile Include="ModifyAcctDlgs.cpp">
      <Filter>Source Files</Filter>
    </ClCompile>
    <ClCompile Include="ModifyAcctSheet.cpp">
      <Filter>Source Files</Filter>
    </ClCompile>
    <ClCompile Include="MoodMailStatic.cpp">
      <Filter>Source Files</Filter>
    </ClCompile>
    <ClCompile Include="MoodWatch.cpp">
      <Filter>Source Files</Filter>
    </ClCompile>
    <ClCompile Include="MoreHelpWnd.cpp">
      <Filter>Source Files</Filter>
    </ClCompile>
    <ClCompile Include="msgdoc.cpp">
      <Filter>Source Files</Filter>
    </ClCompile>
    <ClCompile Include="msgframe.cpp">
      <Filter>Source Files</Filter>
    </ClCompile>
    <ClCompile Include="MsgLabel.cpp">
      <Filter>Source Files</Filter>
    </ClCompile>
    <ClCompile Include="MsgOpts.cpp">
      <Filter>Source Files</Filter>
    </ClCompile>
    <ClCompile Include="MsgRecord.cpp">
      <Filter>Source Files</Filter>
    </ClCompile>
    <ClCompile Include="MsgSplitter.cpp">
      <Filter>Source Files</Filter>
    </ClCompile>
    <ClCompile Include="msgutils.cpp">
      <Filter>Source Files</Filter>
    </ClCompile>
    <ClCompile Include="MTRANSOP.CPP">
      <Filter>Source Files</Filter>
    </ClCompile>
    <ClCompile Include="MultiReader.cpp">
      <Filter>Source Files</Filter>
    </ClCompile>
    <ClCompile Include="namenick.cpp">
      <Filter>Source Files</Filter>
    </ClCompile>
    <ClCompile Include="NameToolBarDialog.cpp">
      <Filter>Source Files</Filter>
    </ClCompile>
    <ClCompile Include="newmbox.cpp">
      <Filter>Source Files</Filter>
    </ClCompile>
    <ClCompile Include="NewSignatureDialog.cpp">
      <Filter>Source Files</Filter>
    </ClCompile>
    <ClCompile Include="nickdoc.cpp">
      <Filter>Source Files</Filter>
    </ClCompile>
    <ClCompile Include="NicknamesWazooWnd.cpp">
      <Filter>Source Files</Filter>
    </ClCompile>
    <ClCompile Include="nickpage.cpp">
      <Filter>Source Files</Filter>
    </ClCompile>
    <ClCompile Include="nicksht.cpp">
      <Filter>Source Files</Filter>
    </ClCompile>
    <ClCompile Include="nicktree.cpp">
      <Filter>Source Files</Filter>
    </ClCompile>
    <ClCompile Include="nickview.cpp">
      <Filter>Source Files</Filter>
    </ClCompile>
    <ClCompile Include="NSPrefs.cpp">
      <Filter>Source Files</Filter>
    </ClCompile>
    <ClCompile Include="ObjectSpec.cpp">
      <Filter>Source Files</Filter>
    </ClCompile>
    <ClCompile Include="OleDoc.cpp">
      <Filter>Source Files</Filter>
    </ClCompile>
    <ClCompile Include="Paige_io.cpp">
      <Filter>Source Files</Filter>
    </ClCompile>
    <ClCompile Include="PaigeEdtView.cpp">
      <Filter>Source Files</Filter>
    </ClCompile>
    <ClCompile Include="PaigePreviewDC.cpp">
      <Filter>Source Files</Filter>
    </ClCompile>
    <ClCompile Include="PaigeStyle.cpp">
      <Filter>Source Files</Filter>
    </ClCompile>
    <ClCompile Include="password.cpp">
      <Filter>Source Files</Filter>
    </ClCompile>
    <ClCompile Include="PaymentAndRegistrationDlg.cpp">
      <Filter>Source Files</Filter>
    </ClCompile>
    <ClCompile Include="persona.cpp">
      <Filter>Source Files</Filter>
    </ClCompile>
    <ClCompile Include="PersonalityView.cpp">
      <Filter>Source Files</Filter>
    </ClCompile>
    <ClCompile Include="PersonalityWazooWnd.cpp">
      <Filter>Source Files</Filter>
    </ClCompile>
    <ClCompile Include="PersParams.cpp">
      <Filter>Source Files</Filter>
    </ClCompile>
    <ClCompile Include="PgCntrItem.cpp">
      <Filter>Source Files</Filter>
    </ClCompile>
    <ClCompile Include="PgCompMsgView.cpp">
      <Filter>Source Files</Filter>
    </ClCompile>
    <ClCompile Include="PGDEFTBL.C">
      <Filter>Source Files</Filter>
    </ClCompile>
    <ClCompile Include="PgDocumentFrame.cpp">
      <Filter>Source Files</Filter>
    </ClCompile>
    <ClCompile Include="PgEditMsg.cpp">
      <Filter>Source Files</Filter>
    </ClCompile>
    <ClCompile Include="PgEmbeddedImage.cpp">
      <Filter>Source Files</Filter>
    </ClCompile>
    <ClCompile Include="PgEmbeddedObject.cpp">
      <Filter>Source Files</Filter>
    </ClCompile>
    <ClCompile Include="PGEXPORT.CPP">
      <Filter>Source Files</Filter>
    </ClCompile>
    <ClCompile Include="PgFixedCompMsgView.cpp">
      <Filter>Source Files</Filter>
    </ClCompile>
    <ClCompile Include="PgGlobals.cpp">
      <Filter>Source Files</Filter>
    </ClCompile>
    <ClCompile Include="PgHLinks.cpp">
      <Filter>Source Files</Filter>
    </ClCompile>
    <ClCompile Include="PGHTMDEF.C">
      <Filter>Source Files</Filter>
    </ClCompile>
    <ClCompile Include="PGHTMEXP.CPP">
      <Filter>Source Files</Filter>
    </ClCompile>
    <ClCompile Include="PGHTMIMP.CPP">
      <Filter>Source Files</Filter>
    </ClCompile>
    <ClCompile Include="PGIMPORT.CPP">
      <Filter>Source Files</Filter>
    </ClCompile>
    <ClCompile Include="PgMsgView.cpp">
      <Filter>Source Files</Filter>
    </ClCompile>
    <ClCompile Include="PGNATIVE.CPP">
      <Filter>Source Files</Filter>
    </ClCompile>
    <ClCompile Include="PgReadMsgPreview.cpp">
      <Filter>Source Files</Filter>
    </ClCompile>
    <ClCompile Include="PgReadMsgView.cpp">
      <Filter>Source Files</Filter>
    </ClCompile>
    <ClCompile Include="PGRTFDEF.C">
      <Filter>Source Files</Filter>
    </ClCompile>
    <ClCompile Include="PGRTFEXP.CPP">
      <Filter>Source Files</Filter>
    </ClCompile>
    <ClCompile Include="PGRTFIMP.CPP">
      <Filter>Source Files</Filter>
    </ClCompile>
    <ClCompile Include="PgStuffBucket.cpp">
      <Filter>Source Files</Filter>
    </ClCompile>
    <ClCompile Include="PgStyleUtils.cpp">
      <Filter>Source Files</Filter>
    </ClCompile>
    <ClCompile Include="PgTextExport.cpp">
      <Filter>Source Files</Filter>
    </ClCompile>
    <ClCompile Include="PgTextTranslator.cpp">
      <Filter>Source Files</Filter>
    </ClCompile>
    <ClCompile Include="PGWMF.C">
      <Filter>Source Files</Filter>
    </ClCompile>
    <ClCompile Include="PictureLinkDlg.cpp">
      <Filter>Source Files</Filter>
    </ClCompile>
    <ClCompile Include="PooterButton.cpp">
      <Filter>Source Files</Filter>
    </ClCompile>
    <ClCompile Include="pop.cpp">
      <Filter>Source Files</Filter>
    </ClCompile>
    <ClCompile Include="POPGssapi.cpp">
      <Filter>Source Files</Filter>
    </ClCompile>
    <ClCompile Include="pophost.cpp">
      <Filter>Source Files</Filter>
    </ClCompile>
    <ClCompile Include="POPSession.cpp">
      <Filter>Source Files</Filter>
    </ClCompile>
    <ClCompile Include="PopupText.cpp">
      <Filter>Source Files</Filter>
    </ClCompile>
    <ClCompile Include="PrintPreviewView.cpp">
      <Filter>Source Files</Filter>
    </ClCompile>
    <ClCompile Include="ProfileNag.cpp">
      <Filter>Source Files</Filter>
    </ClCompile>
    <ClCompile Include="progress.cpp">
      <Filter>Source Files</Filter>
    </ClCompile>
    <ClCompile Include="QC3DTabWnd.cpp">
      <Filter>Source Files</Filter>
    </ClCompile>
    <ClCompile Include="QCAutomationCommand.cpp">
      <Filter>Source Files</Filter>
    </ClCompile>
    <ClCompile Include="QCAutomationDirector.cpp">
      <Filter>Source Files</Filter>
    </ClCompile>
    <ClCompile Include="QCChildToolBar.cpp">
      <Filter>Source Files</Filter>
    </ClCompile>
    <ClCompile Include="QCCommandDirector.cpp">
      <Filter>Source Files</Filter>
    </ClCompile>
    <ClCompile Include="QCCommandObject.cpp">
      <Filter>Source Files</Filter>
    </ClCompile>
    <ClCompile Include="QCCommandStack.cpp">
      <Filter>Source Files</Filter>
    </ClCompile>
    <ClCompile Include="QCCustomizeGeneralPage.cpp">
      <Filter>Source Files</Filter>
    </ClCompile>
    <ClCompile Include="QCCustomizePersPage.cpp">
      <Filter>Source Files</Filter>
    </ClCompile>
    <ClCompile Include="QCCustomizePluginsPage.cpp">
      <Filter>Source Files</Filter>
    </ClCompile>
    <ClCompile Include="QCCustomizeRecipientsPage.cpp">
      <Filter>Source Files</Filter>
    </ClCompile>
    <ClCompile Include="QCCustomizeSignaturesPage.cpp">
      <Filter>Source Files</Filter>
    </ClCompile>
    <ClCompile Include="QCCustomizeStationeryPage.cpp">
      <Filter>Source Files</Filter>
    </ClCompile>
    <ClCompile Include="QCCustomizeToolBar.cpp">
      <Filter>Source Files</Filter>
    </ClCompile>
    <ClCompile Include="QCCustomToolBar.cpp">
      <Filter>Source Files</Filter>
    </ClCompile>
    <ClCompile Include="QCError.cpp">
      <Filter>Source Files</Filter>
    </ClCompile>
    <ClCompile Include="QCFindMgr.cpp">
      <Filter>Source Files</Filter>
    </ClCompile>
    <ClCompile Include="QCGraphics.cpp">
      <Filter>Source Files</Filter>
    </ClCompile>
    <ClCompile Include="QCImageList.cpp">
      <Filter>Source Files</Filter>
    </ClCompile>
    <ClCompile Include="QCLabelDirector.cpp">
      <Filter>Source Files</Filter>
    </ClCompile>
    <ClCompile Include="QCMailboxCommand.cpp">
      <Filter>Source Files</Filter>
    </ClCompile>
    <ClCompile Include="QCMailboxDirector.cpp">
      <Filter>Source Files</Filter>
    </ClCompile>
    <ClCompile Include="QCMailboxTreeCtrl.cpp">
      <Filter>Source Files</Filter>
    </ClCompile>
    <ClCompile Include="QCMailSettings.cpp">
      <Filter>Source Files</Filter>
    </ClCompile>
    <ClCompile Include="QCMbxCustomizeToolbarPage.cpp">
      <Filter>Source Files</Filter>
    </ClCompile>
    <ClCompile Include="QCOleDropSource.cpp">
      <Filter>Source Files</Filter>
    </ClCompile>
    <ClCompile Include="QComApplication.cpp">
      <Filter>Source Files</Filter>
    </ClCompile>
    <ClCompile Include="QComFolder.cpp">
      <Filter>Source Files</Filter>
    </ClCompile>
    <ClCompile Include="QComFolders.cpp">
      <Filter>Source Files</Filter>
    </ClCompile>
    <ClCompile Include="QComMessage.cpp">
      <Filter>Source Files</Filter>
    </ClCompile>
    <ClCompile Include="QComMessages.cpp">
      <Filter>Source Files</Filter>
    </ClCompile>
    <ClCompile Include="QCPersonalityCommand.cpp">
      <Filter>Source Files</Filter>
    </ClCompile>
    <ClCompile Include="QCPersonalityDirector.cpp">
      <Filter>Source Files</Filter>
    </ClCompile>
    <ClCompile Include="QCPluginCommand.cpp">
      <Filter>Source Files</Filter>
    </ClCompile>
    <ClCompile Include="QCPluginDirector.cpp">
      <Filter>Source Files</Filter>
    </ClCompile>
    <ClCompile Include="QCProtocol.cpp">
      <Filter>Source Files</Filter>
    </ClCompile>
    <ClCompile Include="QCRecipientCommand.cpp">
      <Filter>Source Files</Filter>
    </ClCompile>
    <ClCompile Include="QCRecipientDirector.cpp">
      <Filter>Source Files</Filter>
    </ClCompile>
    <ClCompile Include="QCSelectedTextURLCommand.cpp">
      <Filter>Source Files</Filter>
    </ClCompile>
    <ClCompile Include="QCSharewareManager.cpp">
      <Filter>Source Files</Filter>
    </ClCompile>
    <ClCompile Include="QCSignatureCommand.cpp">
      <Filter>Source Files</Filter>
    </ClCompile>
    <ClCompile Include="QCSignatureDirector.cpp">
      <Filter>Source Files</Filter>
    </ClCompile>
    <ClCompile Include="QCSocketStub.cpp">
      <Filter>Source Files</Filter>
    </ClCompile>
    <ClCompile Include="QCStationeryCommand.cpp">
      <Filter>Source Files</Filter>
    </ClCompile>
    <ClCompile Include="QCStationeryDirector.cpp">
      <Filter>Source Files</Filter>
    </ClCompile>
    <ClCompile Include="QCTaskManager.cpp">
      <Filter>Source Files</Filter>
    </ClCompile>
    <ClCompile Include="QCToolbarCmdPage.cpp">
      <Filter>Source Files</Filter>
    </ClCompile>
    <ClCompile Include="QCToolBarManager.cpp">
      <Filter>Source Files</Filter>
    </ClCompile>
    <ClCompile Include="qctree.cpp">
      <Filter>Source Files</Filter>
    </ClCompile>
    <ClCompile Include="QCWorkerThreadMT.cpp">
      <Filter>Source Files</Filter>
    </ClCompile>
    <ClCompile Include="QICommandClient.cpp">
      <Filter>Source Files</Filter>
    </ClCompile>
    <ClCompile Include="QP.cpp">
      <Filter>Source Files</Filter>
    </ClCompile>
    <ClCompile Include="qtwrapper.cpp">
      <Filter>Source Files</Filter>
    </ClCompile>
    <ClCompile Include="ReadMessageDoc.cpp">
      <Filter>Source Files</Filter>
    </ClCompile>
    <ClCompile Include="ReadMessageFrame.cpp">
      <Filter>Source Files</Filter>
    </ClCompile>
    <ClCompile Include="ReadMessageToolBar.cpp">
      <Filter>Source Files</Filter>
    </ClCompile>
    <ClCompile Include="ReadReceiptDialog.cpp">
      <Filter>Source Files</Filter>
    </ClCompile>
    <ClCompile Include="..\regcode\regcode_charsets.c">
      <Filter>Source Files</Filter>
    </ClCompile>
    <ClCompile Include="..\regcode\regcode_v2.c">
      <Filter>Source Files</Filter>
    </ClCompile>
    <ClCompile Include="regif.cpp">
      <Filter>Source Files</Filter>
    </ClCompile>
    <ClCompile Include="RegInfoReader.cpp">
      <Filter>Source Files</Filter>
    </ClCompile>
    <ClCompile Include="RegistrationCodeDlg.cpp">
      <Filter>Source Files</Filter>
    </ClCompile>
    <ClCompile Include="reltoabs.cpp">
      <Filter>Source Files</Filter>
    </ClCompile>
    <ClCompile Include="RInstDlg.cpp">
      <Filter>Source Files</Filter>
    </ClCompile>
    <ClCompile Include="rs.cpp">
      <Filter>Source Files</Filter>
    </ClCompile>
    <ClCompile Include="sasl.cpp">
      <Filter>Source Files</Filter>
    </ClCompile>
    <ClCompile Include="saveas.cpp">
      <Filter>Source Files</Filter>
    </ClCompile>
    <ClCompile Include="SaveAsDialog.cpp">
      <Filter>Source Files</Filter>
    </ClCompile>
    <ClCompile Include="SearchBar.cpp">
      <Filter>Source Files</Filter>
    </ClCompile>
    <ClCompile Include="SearchDoc.cpp">
      <Filter>Source Files</Filter>
    </ClCompile>
    <ClCompile Include="SearchManager.cpp">
      <Filter>Source Files</Filter>
    </ClCompile>
    <ClCompile Include="SearchManagerInfo.cpp">
      <Filter>Source Files</Filter>
    </ClCompile>
    <ClCompile Include="SearchManagerPersistence.cpp">
      <Filter>Source Files</Filter>
    </ClCompile>
    <ClCompile Include="SearchManagerSearching.cpp">
      <Filter>Source Files</Filter>
    </ClCompile>
    <ClCompile Include="SearchManagerTaskInfo.cpp">
      <Filter>Source Files</Filter>
    </ClCompile>
    <ClCompile Include="SearchManagerUtils.cpp">
      <Filter>Source Files</Filter>
    </ClCompile>
    <ClCompile Include="SearchView.cpp">
      <Filter>Source Files</Filter>
    </ClCompile>
    <ClCompile Include="..\GSSupport\secchk.c">
      <Filter>Source Files</Filter>
    </ClCompile>
    <ClCompile Include="..\GSSupport\seccinit.c">
      <Filter>Source Files</Filter>
    </ClCompile>
    <ClCompile Include="..\GSSupport\seccook.c">
      <Filter>Source Files</Filter>
    </ClCompile>
    <ClCompile Include="SelectMBox.cpp">
      <Filter>Source Files</Filter>
    </ClCompile>
    <ClCompile Include="SelectPersonalityDlg.cpp">
      <Filter>Source Files</Filter>
    </ClCompile>
    <ClCompile Include="sendmail.cpp">
      <Filter>Source Files</Filter>
    </ClCompile>
    <ClCompile Include="settings.cpp">
      <Filter>Source Files</Filter>
    </ClCompile>
    <ClCompile Include="signatur.cpp">
      <Filter>Source Files</Filter>
    </ClCompile>
    <ClCompile Include="SignatureTree.cpp">
      <Filter>Source Files</Filter>
    </ClCompile>
    <ClCompile Include="SignatureWazooWnd.cpp">
      <Filter>Source Files</Filter>
    </ClCompile>
    <ClCompile Include="SingleReader.cpp">
      <Filter>Source Files</Filter>
    </ClCompile>
    <ClCompile Include="SITE.CPP">
      <Filter>Source Files</Filter>
    </ClCompile>
    <ClCompile Include="SmtpAuth.cpp">
      <Filter>Source Files</Filter>
    </ClCompile>
    <ClCompile Include="SMTPGssapi.cpp">
      <Filter>Source Files</Filter>
    </ClCompile>
    <ClCompile Include="SMTPSession.cpp">
      <Filter>Source Files</Filter>
    </ClCompile>
    <ClCompile Include="spell.cpp">
      <Filter>Source Files</Filter>
    </ClCompile>
    <ClCompile Include="SpellDialog.cpp">
      <Filter>Source Files</Filter>
    </ClCompile>
    <ClCompile Include="SpellEditLexDialog.cpp">
      <Filter>Source Files</Filter>
    </ClCompile>
    <ClCompile Include="SpellOptionsDialog.cpp">
      <Filter>Source Files</Filter>
    </ClCompile>
    <ClCompile Include="spellpaige.cpp">
      <Filter>Source Files</Filter>
    </ClCompile>
    <ClCompile Include="SplitHlp.cpp">
      <Filter>Source Files</Filter>
    </ClCompile>
    <ClCompile Include="SpoolMgr.cpp">
      <Filter>Source Files</Filter>
    </ClCompile>
    <ClCompile Include="SSLConnectionDlg.cpp">
      <Filter>Source Files</Filter>
    </ClCompile>
    <ClCompile Include="SSLSettings.cpp">
      <Filter>Source Files</Filter>
    </ClCompile>
    <ClCompile Include="statbar.cpp">
      <Filter>Source Files</Filter>
    </ClCompile>
    <ClCompile Include="StationeryTree.cpp">
      <Filter>Source Files</Filter>
    </ClCompile>
    <ClCompile Include="StationeryWazooWnd.cpp">
      <Filter>Source Files</Filter>
    </ClCompile>
    <ClCompile Include="StatMng.cpp">
      <Filter>Source Files</Filter>
    </ClCompile>
    <ClCompile Include="stdafx.cpp">
      <Filter>Source Files</Filter>
    </ClCompile>
    <ClCompile Include="StripRich.cpp">
      <Filter>Source Files</Filter>
    </ClCompile>
    <ClCompile Include="summary.cpp">
      <Filter>Source Files</Filter>
    </ClCompile>
    <ClCompile Include="..\tae\TAE.c">
      <Filter>Source Files</Filter>
    </ClCompile>
    <ClCompile Include="..\tae\TAECommon.c">
      <Filter>Source Files</Filter>
    </ClCompile>
    <ClCompile Include="..\tae\TAEDictionary.c">
      <Filter>Source Files</Filter>
    </ClCompile>
    <ClCompile Include="..\tae\TAEText.c">
      <Filter>Source Files</Filter>
    </ClCompile>
    <ClCompile Include="TaskErrorDlg.cpp">
      <Filter>Source Files</Filter>
    </ClCompile>
    <ClCompile Include="TaskErrorMT.cpp">
      <Filter>Source Files</Filter>
    </ClCompile>
    <ClCompile Include="TaskErrorView.cpp">
      <Filter>Source Files</Filter>
    </ClCompile>
    <ClCompile Include="TaskErrorWazooWnd.cpp">
      <Filter>Source Files</Filter>
    </ClCompile>
    <ClCompile Include="TaskInfo.cpp">
      <Filter>Source Files</Filter>
    </ClCompile>
    <ClCompile Include="TaskObject.cpp">
      <Filter>Source Files</Filter>
    </ClCompile>
    <ClCompile Include="TaskStatus.cpp">
      <Filter>Source Files</Filter>
    </ClCompile>
    <ClCompile Include="TaskStatusView.cpp">
      <Filter>Source Files</Filter>
    </ClCompile>
    <ClCompile Include="TaskStatusWazooWnd.cpp">
      <Filter>Source Files</Filter>
    </ClCompile>
    <ClCompile Include="TaskSummary.cpp">
      <Filter>Source Files</Filter>
    </ClCompile>
    <ClCompile Include="TBarBmpCombo.cpp">
      <Filter>Source Files</Filter>
    </ClCompile>
    <ClCompile Include="TBarCombo.cpp">
      <Filter>Source Files</Filter>
    </ClCompile>
    <ClCompile Include="TBarEdit.cpp">
      <Filter>Source Files</Filter>
    </ClCompile>
    <ClCompile Include="TBarMenuButton.cpp">
      <Filter>Source Files</Filter>
    </ClCompile>
    <ClCompile Include="TBarSendButton.cpp">
      <Filter>Source Files</Filter>
    </ClCompile>
    <ClCompile Include="TBarStatic.cpp">
      <Filter>Source Files</Filter>
    </ClCompile>
    <ClCompile Include="Text2Html.cpp">
      <Filter>Source Files</Filter>
    </ClCompile>
    <ClCompile Include="textfile.cpp">
      <Filter>Source Files</Filter>
    </ClCompile>
    <ClCompile Include="TextFileView.cpp">
      <Filter>Source Files</Filter>
    </ClCompile>
    <ClCompile Include="TextReader.cpp">
      <Filter>Source Files</Filter>
    </ClCompile>
    <ClCompile Include="TextToSpeech.cpp">
      <Filter>Source Files</Filter>
    </ClCompile>
    <ClCompile Include="timestmp.cpp">
      <Filter>Source Files</Filter>
    </ClCompile>
    <ClCompile Include="TipOfDayDlg.cpp">
      <Filter>Source Files</Filter>
    </ClCompile>
    <ClCompile Include="tocdoc.cpp">
      <Filter>Source Files</Filter>
    </ClCompile>
    <ClCompile Include="TocFrame.cpp">
      <Filter>Source Files</Filter>
    </ClCompile>
    <ClCompile Include="tocview.cpp">
      <Filter>Source Files</Filter>
    </ClCompile>
    <ClCompile Include="TransReader.cpp">
      <Filter>Source Files</Filter>
    </ClCompile>
    <ClCompile Include="TreeCtrlCheck.cpp">
      <Filter>Source Files</Filter>
    </ClCompile>
    <ClCompile Include="TridentPreviewView.cpp">
      <Filter>Source Files</Filter>
    </ClCompile>
    <ClCompile Include="TridentReadMessageView.cpp">
      <Filter>Source Files</Filter>
    </ClCompile>
    <ClCompile Include="TridentView.cpp">
      <Filter>Source Files</Filter>
    </ClCompile>
    <ClCompile Include="Trnslate.cpp">
      <Filter>Source Files</Filter>
    </ClCompile>
    <ClCompile Include="urledit.cpp">
      <Filter>Source Files</Filter>
    </ClCompile>
    <ClCompile Include="URLUtils.cpp">
      <Filter>Source Files</Filter>
    </ClCompile>
    <ClCompile Include="UsgStatsDoc.cpp">
      <Filter>Source Files</Filter>
    </ClCompile>
    <ClCompile Include="UsgStatsView.cpp">
      <Filter>Source Files</Filter>
    </ClCompile>
    <ClCompile Include="utils.cpp">
      <Filter>Source Files</Filter>
    </ClCompile>
    <ClCompile Include="uudecode.cpp">
      <Filter>Source Files</Filter>
    </ClCompile>
    <ClCompile Include="ValidEdit.cpp">
      <Filter>Source Files</Filter>
    </ClCompile>
    <ClCompile Include="WarnEditHTMLDialog.cpp">
      <Filter>Source Files</Filter>
    </ClCompile>
    <ClCompile Include="WazooBar.cpp">
      <Filter>Source Files</Filter>
    </ClCompile>
    <ClCompile Include="WazooBarMgr.cpp">
      <Filter>Source Files</Filter>
    </ClCompile>
    <ClCompile Include="WazooWnd.cpp">
      <Filter>Source Files</Filter>
    </ClCompile>
    <ClCompile Include="WebView.cpp">
      <Filter>Source Files</Filter>
    </ClCompile>
    <ClCompile Include="WebWazooWnd.cpp">
      <Filter>Source Files</Filter>
    </ClCompile>
    <ClCompile Include="workbook.cpp">
      <Filter>Source Files</Filter>
    </ClCompile>
    <ClCompile Include="X1EmailIndexItem.cpp">
      <Filter>Source Files</Filter>
    </ClCompile>
    <ClCompile Include="X1EmailScanner.cpp">
      <Filter>Source Files</Filter>
    </ClCompile>
    <ClCompile Include="X1EventListener.cpp">
      <Filter>Source Files</Filter>
    </ClCompile>
    <ClCompile Include="..\PlaylistClient\plstclnt_dll\xml_parser_base.cpp">
      <Filter>Source Files</Filter>
    </ClCompile>
    <ClCompile Include="XMLWriter.cpp">
      <Filter>Source Files</Filter>
    </ClCompile>
    <ClCompile Include="XPThemedAppearance.cpp">
      <Filter>Source Files</Filter>
    </ClCompile>
  </ItemGroup>
  <ItemGroup>
    <Midl Include="GoogleDesktopSearchAPI.idl">
      <Filter>Source Files</Filter>
    </Midl>
  </ItemGroup>
  <ItemGroup>
    <ClInclude Include="3dformv.h">
      <Filter>Header Files</Filter>
    </ClInclude>
    <ClInclude Include="AboutDlg.h">
      <Filter>Header Files</Filter>
    </ClInclude>
    <ClInclude Include="AboutEMS.h">
      <Filter>Header Files</Filter>
    </ClInclude>
    <ClInclude Include="acapdlg.h">
      <Filter>Header Files</Filter>
    </ClInclude>
    <ClInclude Include="address.h">
      <Filter>Header Files</Filter>
    </ClInclude>
    <ClInclude Include="AdView.h">
      <Filter>Header Files</Filter>
    </ClInclude>
    <ClInclude Include="AdWazooBar.h">
      <Filter>Header Files</Filter>
    </ClInclude>
    <ClInclude Include="AdWazooWnd.h">
      <Filter>Header Files</Filter>
    </ClInclude>
    <ClInclude Include="all.h">
      <Filter>Header Files</Filter>
    </ClInclude>
    <ClInclude Include="Anchor.h">
      <Filter>Header Files</Filter>
    </ClInclude>
    <ClInclude Include="AuditEvents.h">
      <Filter>Header Files</Filter>
    </ClInclude>
    <ClInclude Include="AuditLog.h">
      <Filter>Header Files</Filter>
    </ClInclude>
    <ClInclude Include="AuthRPA.h">
      <Filter>Header Files</Filter>
    </ClInclude>
    <ClInclude Include="AutoCompleteSearcher.h">
      <Filter>Header Files</Filter>
    </ClInclude>
    <ClInclude Include="Automation.h">
      <Filter>Header Files</Filter>
    </ClInclude>
    <ClInclude Include="Base64.h">
      <Filter>Header Files</Filter>
    </ClInclude>
    <ClInclude Include="binhex.h">
      <Filter>Header Files</Filter>
    </ClInclude>
    <ClInclude Include="BlahBlahBlahView.h">
      <Filter>Header Files</Filter>
    </ClInclude>
    <ClInclude Include="bmpcombo.h">
      <Filter>Header Files</Filter>
    </ClInclude>
    <ClInclude Include="BossProtector.h">
      <Filter>Header Files</Filter>
    </ClInclude>
    <ClInclude Include="Bstr.h">
      <Filter>Header Files</Filter>
    </ClInclude>
    <ClInclude Include="CAdFailureNagTask.h">
      <Filter>Header Files</Filter>
    </ClInclude>
    <ClInclude Include="Callbacks.h">
      <Filter>Header Files</Filter>
    </ClInclude>
    <ClInclude Include="CAuditNagTask.h">
      <Filter>Header Files</Filter>
    </ClInclude>
    <ClInclude Include="CDemoExpireNagTask.h">
      <Filter>Header Files</Filter>
    </ClInclude>
    <ClInclude Include="CertManagerDlg.h">
      <Filter>Header Files</Filter>
    </ClInclude>
    <ClInclude Include="CEudoraModule.h">
      <Filter>Header Files</Filter>
    </ClInclude>
    <ClInclude Include="CFullFeatureNagTask.h">
      <Filter>Header Files</Filter>
    </ClInclude>
    <ClInclude Include="changeq.h">
      <Filter>Header Files</Filter>
    </ClInclude>
    <ClInclude Include="ClipboardMgr.h">
      <Filter>Header Files</Filter>
    </ClInclude>
    <ClInclude Include="CNagManager.h">
      <Filter>Header Files</Filter>
    </ClInclude>
    <ClInclude Include="CNagTask.h">
      <Filter>Header Files</Filter>
    </ClInclude>
    <ClInclude Include="COLORLIS.H">
      <Filter>Header Files</Filter>
    </ClInclude>
    <ClInclude Include="ColorToolbarButton.h">
      <Filter>Header Files</Filter>
    </ClInclude>
    <ClInclude Include="ComboBoxEnhanced.h">
      <Filter>Header Files</Filter>
    </ClInclude>
    <ClInclude Include="CompMessageFrame.h">
      <Filter>Header Files</Filter>
    </ClInclude>
    <ClInclude Include="compmsgd.h">
      <Filter>Header Files</Filter>
    </ClInclude>
    <ClInclude Include="ConConMessage.h">
      <Filter>Header Files</Filter>
    </ClInclude>
    <ClInclude Include="ConConProfile.h">
      <Filter>Header Files</Filter>
    </ClInclude>
    <ClInclude Include="ContainerView.h">
      <Filter>Header Files</Filter>
    </ClInclude>
    <ClInclude Include="ContentConcentrator.h">
      <Filter>Header Files</Filter>
    </ClInclude>
    <ClInclude Include="controls.h">
      <Filter>Header Files</Filter>
    </ClInclude>
    <ClInclude Include="Convhtml.h">
      <Filter>Header Files</Filter>
    </ClInclude>
    <ClInclude Include="CoolButton.h">
      <Filter>Header Files</Filter>
    </ClInclude>
    <ClInclude Include="CRegisterNagTask.h">
      <Filter>Header Files</Filter>
    </ClInclude>
    <ClInclude Include="CUpdateNagTask.h">
      <Filter>Header Files</Filter>
    </ClInclude>
    <ClInclude Include="cursor.h">
      <Filter>Header Files</Filter>
    </ClInclude>
    <ClInclude Include="ddeclien.h">
      <Filter>Header Files</Filter>
    </ClInclude>
    <ClInclude Include="ddeserve.h">
      <Filter>Header Files</Filter>
    </ClInclude>
    <ClInclude Include="ddestr.h">
      <Filter>Header Files</Filter>
    </ClInclude>
    <ClInclude Include="..\QCUtils\public\inc\debug.h">
      <Filter>Header Files</Filter>
    </ClInclude>
    <ClInclude Include="Decode.h">
      <Filter>Header Files</Filter>
    </ClInclude>
    <ClInclude Include="doc.h">
      <Filter>Header Files</Filter>
    </ClInclude>
    <ClInclude Include="DockBar.h">
      <Filter>Header Files</Filter>
    </ClInclude>
    <ClInclude Include="DynamicMailboxMenu.h">
      <Filter>Header Files</Filter>
    </ClInclude>
    <ClInclude Include="DynamicMenu.h">
      <Filter>Header Files</Filter>
    </ClInclude>
    <ClInclude Include="DynamicPersonalityMenu.h">
      <Filter>Header Files</Filter>
    </ClInclude>
    <ClInclude Include="DynamicPluginMenu.h">
      <Filter>Header Files</Filter>
    </ClInclude>
    <ClInclude Include="DynamicRecipientMenu.h">
      <Filter>Header Files</Filter>
    </ClInclude>
    <ClInclude Include="DynamicSavedSearchMenu.h">
      <Filter>Header Files</Filter>
    </ClInclude>
    <ClInclude Include="DynamicStationeryMenu.h">
      <Filter>Header Files</Filter>
    </ClInclude>
    <ClInclude Include="ehlo.h">
      <Filter>Header Files</Filter>
    </ClInclude>
    <ClInclude Include="EmoticonManager.h">
      <Filter>Header Files</Filter>
    </ClInclude>
    <ClInclude Include="EmoticonMenu.h">
      <Filter>Header Files</Filter>
    </ClInclude>
    <ClInclude Include="EmoticonToolbarButton.h">
      <Filter>Header Files</Filter>
    </ClInclude>
    <ClInclude Include="ems-wglu.h">
      <Filter>Header Files</Filter>
    </ClInclude>
    <ClInclude Include="emsapi-win.h">
      <Filter>Header Files</Filter>
    </ClInclude>
    <ClInclude Include="Encode.h">
      <Filter>Header Files</Filter>
    </ClInclude>
    <ClInclude Include="etf2html.h">
      <Filter>Header Files</Filter>
    </ClInclude>
    <ClInclude Include="eudora.h">
      <Filter>Header Files</Filter>
    </ClInclude>
    <ClInclude Include="EudoraMsgs.h">
      <Filter>Header Files</Filter>
    </ClInclude>
    <ClInclude Include="eudordoc.h">
      <Filter>Header Files</Filter>
    </ClInclude>
    <ClInclude Include="eudorvw.h">
      <Filter>Header Files</Filter>
    </ClInclude>
    <ClInclude Include="eugraph.h">
      <Filter>Header Files</Filter>
    </ClInclude>
    <ClInclude Include="eumapi.h">
      <Filter>Header Files</Filter>
    </ClInclude>
    <ClInclude Include="ExceptionHandler.h">
      <Filter>Header Files</Filter>
    </ClInclude>
    <ClInclude Include="ExtLaunchMgr.h">
      <Filter>Header Files</Filter>
    </ClInclude>
    <ClInclude Include="FaceNameDialog.h">
      <Filter>Header Files</Filter>
    </ClInclude>
    <ClInclude Include="FaceTime.h">
      <Filter>Header Files</Filter>
    </ClInclude>
    <ClInclude Include="FileBrowseView.h">
      <Filter>Header Files</Filter>
    </ClInclude>
    <ClInclude Include="FileBrowseWazooWnd.h">
      <Filter>Header Files</Filter>
    </ClInclude>
    <ClInclude Include="FileLineReader.h">
      <Filter>Header Files</Filter>
    </ClInclude>
    <ClInclude Include="fileutil.h">
      <Filter>Header Files</Filter>
    </ClInclude>
    <ClInclude Include="FilterReportView.h">
      <Filter>Header Files</Filter>
    </ClInclude>
    <ClInclude Include="FilterReportWazooWnd.h">
      <Filter>Header Files</Filter>
    </ClInclude>
    <ClInclude Include="filtersd.h">
      <Filter>Header Files</Filter>
    </ClInclude>
    <ClInclude Include="filtersv.h">
      <Filter>Header Files</Filter>
    </ClInclude>
    <ClInclude Include="FiltersWazooWnd.h">
      <Filter>Header Files</Filter>
    </ClInclude>
    <ClInclude Include="FindDlg.h">
      <Filter>Header Files</Filter>
    </ClInclude>
    <ClInclude Include="font.h">
      <Filter>Header Files</Filter>
    </ClInclude>
    <ClInclude Include="GenericReader.h">
      <Filter>Header Files</Filter>
    </ClInclude>
    <ClInclude Include="GoogleDesktopComponentRegistration.h">
      <Filter>Header Files</Filter>
    </ClInclude>
    <ClInclude Include="guiutils.h">
      <Filter>Header Files</Filter>
    </ClInclude>
    <ClInclude Include="header.h">
      <Filter>Header Files</Filter>
    </ClInclude>
    <ClInclude Include="headervw.h">
      <Filter>Header Files</Filter>
    </ClInclude>
    <ClInclude Include="helpcntx.h">
      <Filter>Header Files</Filter>
    </ClInclude>
    <ClInclude Include="helpxdlg.h">
      <Filter>Header Files</Filter>
    </ClInclude>
    <ClInclude Include="hexbin.h">
      <Filter>Header Files</Filter>
    </ClInclude>
    <ClInclude Include="hostlist.h">
      <Filter>Header Files</Filter>
    </ClInclude>
    <ClInclude Include="html2text.h">
      <Filter>Header Files</Filter>
    </ClInclude>
    <ClInclude Include="HTMLUtils.h">
      <Filter>Header Files</Filter>
    </ClInclude>
    <ClInclude Include="ImportAdvDlog.h">
      <Filter>Header Files</Filter>
    </ClInclude>
    <ClInclude Include="ImportMailDlog.h">
      <Filter>Header Files</Filter>
    </ClInclude>
    <ClInclude Include="InsertLinkDialog.h">
      <Filter>Header Files</Filter>
    </ClInclude>
    <ClInclude Include="jjnet.h">
      <Filter>Header Files</Filter>
    </ClInclude>
    <ClInclude Include="JunkMail.h">
      <Filter>Header Files</Filter>
    </ClInclude>
    <ClInclude Include="Kclient.h">
      <Filter>Header Files</Filter>
    </ClInclude>
    <ClInclude Include="LabelComboBox.h">
      <Filter>Header Files</Filter>
    </ClInclude>
    <ClInclude Include="lex822.h">
      <Filter>Header Files</Filter>
    </ClInclude>
    <ClInclude Include="LHOfflineLinkDialog.h">
      <Filter>Header Files</Filter>
    </ClInclude>
    <ClInclude Include="LHRemindDialog.h">
      <Filter>Header Files</Filter>
    </ClInclude>
    <ClInclude Include="LineReader.h">
      <Filter>Header Files</Filter>
    </ClInclude>
    <ClInclude Include="LinkHistoryList.h">
      <Filter>Header Files</Filter>
    </ClInclude>
    <ClInclude Include="LinkHistoryManager.h">
      <Filter>Header Files</Filter>
    </ClInclude>
    <ClInclude Include="LinkHistoryWazooWnd.h">
      <Filter>Header Files</Filter>
    </ClInclude>
    <ClInclude Include="ListCtrlEx.h">
      <Filter>Header Files</Filter>
    </ClInclude>
    <ClInclude Include="mainfrm.h">
      <Filter>Header Files</Filter>
    </ClInclude>
    <ClInclude Include="MakeFilter.h">
      <Filter>Header Files</Filter>
    </ClInclude>
    <ClInclude Include="mapi.h">
      <Filter>Header Files</Filter>
    </ClInclude>
    <ClInclude Include="MAPIImport.h">
      <Filter>Header Files</Filter>
    </ClInclude>
    <ClInclude Include="mapiinst.h">
      <Filter>Header Files</Filter>
    </ClInclude>
    <ClInclude Include="mboxtree.h">
      <Filter>Header Files</Filter>
    </ClInclude>
    <ClInclude Include="MBoxTreeCtrlCheck.h">
      <Filter>Header Files</Filter>
    </ClInclude>
    <ClInclude Include="MboxWazooWnd.h">
      <Filter>Header Files</Filter>
    </ClInclude>
    <ClInclude Include="md5.h">
      <Filter>Header Files</Filter>
    </ClInclude>
    <ClInclude Include="mdichild.h">
      <Filter>Header Files</Filter>
    </ClInclude>
    <ClInclude Include="mdidrag.h">
      <Filter>Header Files</Filter>
    </ClInclude>
    <ClInclude Include="mime.h">
      <Filter>Header Files</Filter>
    </ClInclude>
    <ClInclude Include="MIMEMap.h">
      <Filter>Header Files</Filter>
    </ClInclude>
    <ClInclude Include="MIMEReader.h">
      <Filter>Header Files</Filter>
    </ClInclude>
    <ClInclude Include="MimeStorage.h">
      <Filter>Header Files</Filter>
    </ClInclude>
    <ClInclude Include="ModifyAcctDlgs.h">
      <Filter>Header Files</Filter>
    </ClInclude>
    <ClInclude Include="ModifyAcctSheet.h">
      <Filter>Header Files</Filter>
    </ClInclude>
    <ClInclude Include="MoodMailStatic.h">
      <Filter>Header Files</Filter>
    </ClInclude>
    <ClInclude Include="MoodWatch.h">
      <Filter>Header Files</Filter>
    </ClInclude>
    <ClInclude Include="MoreHelpWnd.h">
      <Filter>Header Files</Filter>
    </ClInclude>
    <ClInclude Include="msgdoc.h">
      <Filter>Header Files</Filter>
    </ClInclude>
    <ClInclude Include="msgframe.h">
      <Filter>Header Files</Filter>
    </ClInclude>
    <ClInclude Include="MsgLabel.h">
      <Filter>Header Files</Filter>
    </ClInclude>
    <ClInclude Include="MsgOpts.h">
      <Filter>Header Files</Filter>
    </ClInclude>
    <ClInclude Include="MsgRecord.h">
      <Filter>Header Files</Filter>
    </ClInclude>
    <ClInclude Include="MsgSplitter.h">
      <Filter>Header Files</Filter>
    </ClInclude>
    <ClInclude Include="msgutils.h">
      <Filter>Header Files</Filter>
    </ClInclude>
    <ClInclude Include="MTRANSOP.H">
      <Filter>Header Files</Filter>
    </ClInclude>
    <ClInclude Include="MultiReader.h">
      <Filter>Header Files</Filter>
    </ClInclude>
    <ClInclude Include="namenick.h">
      <Filter>Header Files</Filter>
    </ClInclude>
    <ClInclude Include="NameToolBarDialog.h">
      <Filter>Header Files</Filter>
    </ClInclude>
    <ClInclude Include="newmbox.h">
      <Filter>Header Files</Filter>
    </ClInclude>
    <ClInclude Include="NewSignatureDialog.h">
      <Filter>Header Files</Filter>
    </ClInclude>
    <ClInclude Include="nickdoc.h">
      <Filter>Header Files</Filter>
    </ClInclude>
    <ClInclude Include="NicknamesWazooWnd.h">
      <Filter>Header Files</Filter>
    </ClInclude>
    <ClInclude Include="nickpage.h">
      <Filter>Header Files</Filter>
    </ClInclude>
    <ClInclude Include="nicksht.h">
      <Filter>Header Files</Filter>
    </ClInclude>
    <ClInclude Include="nicktree.h">
      <Filter>Header Files</Filter>
    </ClInclude>
    <ClInclude Include="nickview.h">
      <Filter>Header Files</Filter>
    </ClInclude>
    <ClInclude Include="NSPrefs.h">
      <Filter>Header Files</Filter>
    </ClInclude>
    <ClInclude Include="ObjectSpec.h">
      <Filter>Header Files</Filter>
    </ClInclude>
    <ClInclude Include="OleDoc.h">
      <Filter>Header Files</Filter>
    </ClInclude>
    <ClInclude Include="Paige_io.h">
      <Filter>Header Files</Filter>
    </ClInclude>
    <ClInclude Include="PaigeEdtView.h">
      <Filter>Header Files</Filter>
    </ClInclude>
    <ClInclude Include="PaigePreviewDC.h">
      <Filter>Header Files</Filter>
    </ClInclude>
    <ClInclude Include="PaigeStyle.h">
      <Filter>Header Files</Filter>
    </ClInclude>
    <ClInclude Include="password.h">
      <Filter>Header Files</Filter>
    </ClInclude>
    <ClInclude Include="PaymentAndRegistrationDlg.h">
      <Filter>Header Files</Filter>
    </ClInclude>
    <ClInclude Include="persona.h">
      <Filter>Header Files</Filter>
    </ClInclude>
    <ClInclude Include="PersonalityView.h">
      <Filter>Header Files</Filter>
    </ClInclude>
    <ClInclude Include="PersonalityWazooWnd.h">
      <Filter>Header Files</Filter>
    </ClInclude>
    <ClInclude Include="PersParams.h">
      <Filter>Header Files</Filter>
    </ClInclude>
    <ClInclude Include="PgCntrItem.h">
      <Filter>Header Files</Filter>
    </ClInclude>
    <ClInclude Include="PgCompMsgView.h">
      <Filter>Header Files</Filter>
    </ClInclude>
    <ClInclude Include="PgDocumentFrame.h">
      <Filter>Header Files</Filter>
    </ClInclude>
    <ClInclude Include="PgEmbeddedImage.h">
      <Filter>Header Files</Filter>
    </ClInclude>
    <ClInclude Include="PgEmbeddedObject.h">
      <Filter>Header Files</Filter>
    </ClInclude>
    <ClInclude Include="PgFixedCompMsgView.h">
      <Filter>Header Files</Filter>
    </ClInclude>
    <ClInclude Include="PgGlobals.h">
      <Filter>Header Files</Filter>
    </ClInclude>
    <ClInclude Include="PgHLinks.h">
      <Filter>Header Files</Filter>
    </ClInclude>
    <ClInclude Include="PgMsgView.h">
      <Filter>Header Files</Filter>
    </ClInclude>
    <ClInclude Include="PgReadMsgPreview.h">
      <Filter>Header Files</Filter>
    </ClInclude>
    <ClInclude Include="PgReadMsgView.h">
      <Filter>Header Files</Filter>
    </ClInclude>
    <ClInclude Include="PgStuffBucket.h">
      <Filter>Header Files</Filter>
    </ClInclude>
    <ClInclude Include="PgStyleUtils.h">
      <Filter>Header Files</Filter>
    </ClInclude>
    <ClInclude Include="PgTextExport.h">
      <Filter>Header Files</Filter>
    </ClInclude>
    <ClInclude Include="PgTextTranslator.h">
      <Filter>Header Files</Filter>
    </ClInclude>
    <ClInclude Include="PGTXRCPP.H">
      <Filter>Header Files</Filter>
    </ClInclude>
    <ClInclude Include="PictureLinkDlg.h">
      <Filter>Header Files</Filter>
    </ClInclude>
    <ClInclude Include="PooterButton.h">
      <Filter>Header Files</Filter>
    </ClInclude>
    <ClInclude Include="pop.h">
      <Filter>Header Files</Filter>
    </ClInclude>
    <ClInclude Include="POPGssapi.h">
      <Filter>Header Files</Filter>
    </ClInclude>
    <ClInclude Include="pophost.h">
      <Filter>Header Files</Filter>
    </ClInclude>
    <ClInclude Include="POPSession.h">
      <Filter>Header Files</Filter>
    </ClInclude>
    <ClInclude Include="PopupText.h">
      <Filter>Header Files</Filter>
    </ClInclude>
    <ClInclude Include="PrintPreviewView.h">
      <Filter>Header Files</Filter>
    </ClInclude>
    <ClInclude Include="ProfileNag.h">
      <Filter>Header Files</Filter>
    </ClInclude>
    <ClInclude Include="progress.h">
      <Filter>Header Files</Filter>
    </ClInclude>
    <ClInclude Include="QC3DTabWnd.h">
      <Filter>Header Files</Filter>
    </ClInclude>
    <ClInclude Include="QCAutomationCommand.h">
      <Filter>Header Files</Filter>
    </ClInclude>
    <ClInclude Include="QCAutomationDirector.h">
      <Filter>Header Files</Filter>
    </ClInclude>
    <ClInclude Include="QCChildToolBar.h">
      <Filter>Header Files</Filter>
    </ClInclude>
    <ClInclude Include="QCCommandActions.h">
      <Filter>Header Files</Filter>
    </ClInclude>
    <ClInclude Include="QCCommandDirector.h">
      <Filter>Header Files</Filter>
    </ClInclude>
    <ClInclude Include="QCCommandObject.h">
      <Filter>Header Files</Filter>
    </ClInclude>
    <ClInclude Include="QCCommandStack.h">
      <Filter>Header Files</Filter>
    </ClInclude>
    <ClInclude Include="QCCustomizeGeneralPage.h">
      <Filter>Header Files</Filter>
    </ClInclude>
    <ClInclude Include="QCCustomizePersPage.h">
      <Filter>Header Files</Filter>
    </ClInclude>
    <ClInclude Include="QCCustomizePluginsPage.h">
      <Filter>Header Files</Filter>
    </ClInclude>
    <ClInclude Include="QCCustomizeRecipientsPage.h">
      <Filter>Header Files</Filter>
    </ClInclude>
    <ClInclude Include="QCCustomizeSignaturesPage.h">
      <Filter>Header Files</Filter>
    </ClInclude>
    <ClInclude Include="QCCustomizeStationeryPage.h">
      <Filter>Header Files</Filter>
    </ClInclude>
    <ClInclude Include="QCCustomizeToolBar.h">
      <Filter>Header Files</Filter>
    </ClInclude>
    <ClInclude Include="QCCustomToolBar.h">
      <Filter>Header Files</Filter>
    </ClInclude>
    <ClInclude Include="QCFileIO.h">
      <Filter>Header Files</Filter>
    </ClInclude>
    <ClInclude Include="QCFindMgr.h">
      <Filter>Header Files</Filter>
    </ClInclude>
    <ClInclude Include="QCGraphics.h">
      <Filter>Header Files</Filter>
    </ClInclude>
    <ClInclude Include="QCImageList.h">
      <Filter>Header Files</Filter>
    </ClInclude>
    <ClInclude Include="QCLabelDirector.h">
      <Filter>Header Files</Filter>
    </ClInclude>
    <ClInclude Include="QCMailboxCommand.h">
      <Filter>Header Files</Filter>
    </ClInclude>
    <ClInclude Include="QCMailboxDirector.h">
      <Filter>Header Files</Filter>
    </ClInclude>
    <ClInclude Include="QCMailboxTreeCtrl.h">
      <Filter>Header Files</Filter>
    </ClInclude>
    <ClInclude Include="QCMbxCustomizeToolbarPage.h">
      <Filter>Header Files</Filter>
    </ClInclude>
    <ClInclude Include="QCNetSettings.h">
      <Filter>Header Files</Filter>
    </ClInclude>
    <ClInclude Include="QCOleDropSource.h">
      <Filter>Header Files</Filter>
    </ClInclude>
    <ClInclude Include="QComApplication.h">
      <Filter>Header Files</Filter>
    </ClInclude>
    <ClInclude Include="QComApplicationEvents.h">
      <Filter>Header Files</Filter>
    </ClInclude>
    <ClInclude Include="QComFolder.h">
      <Filter>Header Files</Filter>
    </ClInclude>
    <ClInclude Include="QComFolders.h">
      <Filter>Header Files</Filter>
    </ClInclude>
    <ClInclude Include="QComMessage.h">
      <Filter>Header Files</Filter>
    </ClInclude>
    <ClInclude Include="QComMessages.h">
      <Filter>Header Files</Filter>
    </ClInclude>
    <ClInclude Include="QCPersonalityCommand.h">
      <Filter>Header Files</Filter>
    </ClInclude>
    <ClInclude Include="QCPersonalityDirector.h">
      <Filter>Header Files</Filter>
    </ClInclude>
    <ClInclude Include="QCPluginCommand.h">
      <Filter>Header Files</Filter>
    </ClInclude>
    <ClInclude Include="QCPluginDirector.h">
      <Filter>Header Files</Filter>
    </ClInclude>
    <ClInclude Include="QCPOPSettings.h">
      <Filter>Header Files</Filter>
    </ClInclude>
    <ClInclude Include="QCProtocol.h">
      <Filter>Header Files</Filter>
    </ClInclude>
    <ClInclude Include="QCRecipientCommand.h">
      <Filter>Header Files</Filter>
    </ClInclude>
    <ClInclude Include="QCRecipientDirector.h">
      <Filter>Header Files</Filter>
    </ClInclude>
    <ClInclude Include="QCSelectedTextURLCommand.h">
      <Filter>Header Files</Filter>
    </ClInclude>
    <ClInclude Include="QCSharewareManager.h">
      <Filter>Header Files</Filter>
    </ClInclude>
    <ClInclude Include="QCSignatureCommand.h">
      <Filter>Header Files</Filter>
    </ClInclude>
    <ClInclude Include="QCSignatureDirector.h">
      <Filter>Header Files</Filter>
    </ClInclude>
    <ClInclude Include="QCSMTPSettings.h">
      <Filter>Header Files</Filter>
    </ClInclude>
    <ClInclude Include="QCStationeryCommand.h">
      <Filter>Header Files</Filter>
    </ClInclude>
    <ClInclude Include="QCStationeryDirector.h">
      <Filter>Header Files</Filter>
    </ClInclude>
    <ClInclude Include="QCTaskManager.h">
      <Filter>Header Files</Filter>
    </ClInclude>
    <ClInclude Include="QCToolbarCmdPage.h">
      <Filter>Header Files</Filter>
    </ClInclude>
    <ClInclude Include="QCToolBarManager.h">
      <Filter>Header Files</Filter>
    </ClInclude>
    <ClInclude Include="qctree.h">
      <Filter>Header Files</Filter>
    </ClInclude>
    <ClInclude Include="QCWorkerThreadMT.h">
      <Filter>Header Files</Filter>
    </ClInclude>
    <ClInclude Include="QICommandClient.h">
      <Filter>Header Files</Filter>
    </ClInclude>
    <ClInclude Include="QP.h">
      <Filter>Header Files</Filter>
    </ClInclude>
    <ClInclude Include="qtwrapper.h">
      <Filter>Header Files</Filter>
    </ClInclude>
    <ClInclude Include="ReadMessageDoc.h">
      <Filter>Header Files</Filter>
    </ClInclude>
    <ClInclude Include="ReadMessageFrame.h">
      <Filter>Header Files</Filter>
    </ClInclude>
    <ClInclude Include="ReadMessageToolBar.h">
      <Filter>Header Files</Filter>
    </ClInclude>
    <ClInclude Include="ReadReceiptDialog.h">
      <Filter>Header Files</Filter>
    </ClInclude>
    <ClInclude Include="..\regcode\regcode_charsets.h">
      <Filter>Header Files</Filter>
    </ClInclude>
    <ClInclude Include="..\regcode\regcode_eudora.h">
      <Filter>Header Files</Filter>
    </ClInclude>
    <ClInclude Include="regif.h">
      <Filter>Header Files</Filter>
    </ClInclude>
    <ClInclude Include="RegInfoReader.h">
      <Filter>Header Files</Filter>
    </ClInclude>
    <ClInclude Include="RegistrationCodeDlg.h">
      <Filter>Header Files</Filter>
    </ClInclude>
    <ClInclude Include="reltoabs.h">
      <Filter>Header Files</Filter>
    </ClInclude>
    <ClInclude Include="rescomm.h">
      <Filter>Header Files</Filter>
    </ClInclude>
    <ClInclude Include="resdel.h">
      <Filter>Header Files</Filter>
    </ClInclude>
    <ClInclude Include="reseud.h">
      <Filter>Header Files</Filter>
    </ClInclude>
    <ClInclude Include="resfree.h">
      <Filter>Header Files</Filter>
    </ClInclude>
    <ClInclude Include="resizbar.h">
      <Filter>Header Files</Filter>
    </ClInclude>
    <ClInclude Include="resource.h">
      <Filter>Header Files</Filter>
    </ClInclude>
    <ClInclude Include="resource16.h">
      <Filter>Header Files</Filter>
    </ClInclude>
    <ClInclude Include="resource32.h">
      <Filter>Header Files</Filter>
    </ClInclude>
    <ClInclude Include="RInstDlg.h">
      <Filter>Header Files</Filter>
    </ClInclude>
    <ClInclude Include="rs.h">
      <Filter>Header Files</Filter>
    </ClInclude>
    <ClInclude Include="sasl.h">
      <Filter>Header Files</Filter>
    </ClInclude>
    <ClInclude Include="saveas.h">
      <Filter>Header Files</Filter>
    </ClInclude>
    <ClInclude Include="SaveAsDialog.h">
      <Filter>Header Files</Filter>
    </ClInclude>
    <ClInclude Include="SearchBar.h">
      <Filter>Header Files</Filter>
    </ClInclude>
    <ClInclude Include="SearchDoc.h">
      <Filter>Header Files</Filter>
    </ClInclude>
    <ClInclude Include="SearchManager.h">
      <Filter>Header Files</Filter>
    </ClInclude>
    <ClInclude Include="SearchManagerInfo.h">
      <Filter>Header Files</Filter>
    </ClInclude>
    <ClInclude Include="SearchManagerPersistence.h">
      <Filter>Header Files</Filter>
    </ClInclude>
    <ClInclude Include="SearchManagerSearching.h">
      <Filter>Header Files</Filter>
    </ClInclude>
    <ClInclude Include="SearchManagerTaskInfo.h">
      <Filter>Header Files</Filter>
    </ClInclude>
    <ClInclude Include="SearchManagerUtils.h">
      <Filter>Header Files</Filter>
    </ClInclude>
    <ClInclude Include="SearchView.h">
      <Filter>Header Files</Filter>
    </ClInclude>
    <ClInclude Include="SelectMBox.h">
      <Filter>Header Files</Filter>
    </ClInclude>
    <ClInclude Include="SelectPersonalityDlg.h">
      <Filter>Header Files</Filter>
    </ClInclude>
    <ClInclude Include="sendmail.h">
      <Filter>Header Files</Filter>
    </ClInclude>
    <ClInclude Include="settings.h">
      <Filter>Header Files</Filter>
    </ClInclude>
    <ClInclude Include="signatur.h">
      <Filter>Header Files</Filter>
    </ClInclude>
    <ClInclude Include="SignatureTree.h">
      <Filter>Header Files</Filter>
    </ClInclude>
    <ClInclude Include="SignatureWazooWnd.h">
      <Filter>Header Files</Filter>
    </ClInclude>
    <ClInclude Include="SingleReader.h">
      <Filter>Header Files</Filter>
    </ClInclude>
    <ClInclude Include="Site.h">
      <Filter>Header Files</Filter>
    </ClInclude>
    <ClInclude Include="SmtpAuth.h">
      <Filter>Header Files</Filter>
    </ClInclude>
    <ClInclude Include="SMTPGssapi.h">
      <Filter>Header Files</Filter>
    </ClInclude>
    <ClInclude Include="SMTPSession.h">
      <Filter>Header Files</Filter>
    </ClInclude>
    <ClInclude Include="spell.h">
      <Filter>Header Files</Filter>
    </ClInclude>
    <ClInclude Include="SpellDialog.h">
      <Filter>Header Files</Filter>
    </ClInclude>
    <ClInclude Include="SpellEditLexDialog.h">
      <Filter>Header Files</Filter>
    </ClInclude>
    <ClInclude Include="SpellOptionsDialog.h">
      <Filter>Header Files</Filter>
    </ClInclude>
    <ClInclude Include="spellpaige.h">
      <Filter>Header Files</Filter>
    </ClInclude>
    <ClInclude Include="SplitHlp.h">
      <Filter>Header Files</Filter>
    </ClInclude>
    <ClInclude Include="SpoolMgr.h">
      <Filter>Header Files</Filter>
    </ClInclude>
    <ClInclude Include="ssce.h">
      <Filter>Header Files</Filter>
    </ClInclude>
    <ClInclude Include="SSLConnectionDlg.h">
      <Filter>Header Files</Filter>
    </ClInclude>
    <ClInclude Include="SSLSettings.h">
      <Filter>Header Files</Filter>
    </ClInclude>
    <ClInclude Include="statbar.h">
      <Filter>Header Files</Filter>
    </ClInclude>
    <ClInclude Include="station.h">
      <Filter>Header Files</Filter>
    </ClInclude>
    <ClInclude Include="StationeryTree.h">
      <Filter>Header Files</Filter>
    </ClInclude>
    <ClInclude Include="StationeryWazooWnd.h">
      <Filter>Header Files</Filter>
    </ClInclude>
    <ClInclude Include="StatMng.h">
      <Filter>Header Files</Filter>
    </ClInclude>
    <ClInclude Include="stdafx.h">
      <Filter>Header Files</Filter>
    </ClInclude>
    <ClInclude Include="StripRich.h">
      <Filter>Header Files</Filter>
    </ClInclude>
    <ClInclude Include="summary.h">
      <Filter>Header Files</Filter>
    </ClInclude>
    <ClInclude Include="TaskErrorDlg.h">
      <Filter>Header Files</Filter>
    </ClInclude>
    <ClInclude Include="TaskErrorMT.h">
      <Filter>Header Files</Filter>
    </ClInclude>
    <ClInclude Include="TaskErrorTypes.h">
      <Filter>Header Files</Filter>
    </ClInclude>
    <ClInclude Include="TaskErrorView.h">
      <Filter>Header Files</Filter>
    </ClInclude>
    <ClInclude Include="TaskErrorWazooWnd.h">
      <Filter>Header Files</Filter>
    </ClInclude>
    <ClInclude Include="TaskInfo.h">
      <Filter>Header Files</Filter>
    </ClInclude>
    <ClInclude Include="TaskObject.h">
      <Filter>Header Files</Filter>
    </ClInclude>
    <ClInclude Include="TaskStatus.h">
      <Filter>Header Files</Filter>
    </ClInclude>
    <ClInclude Include="TaskStatusView.h">
      <Filter>Header Files</Filter>
    </ClInclude>
    <ClInclude Include="TaskStatusWazooWnd.h">
      <Filter>Header Files</Filter>
    </ClInclude>
    <ClInclude Include="TaskSummary.h">
      <Filter>Header Files</Filter>
    </ClInclude>
    <ClInclude Include="TBarBmpCombo.h">
      <Filter>Header Files</Filter>
    </ClInclude>
    <ClInclude Include="TBarCombo.h">
      <Filter>Header Files</Filter>
    </ClInclude>
    <ClInclude Include="TBarEdit.h">
      <Filter>Header Files</Filter>
    </ClInclude>
    <ClInclude Include="TBarMenuButton.h">
      <Filter>Header Files</Filter>
    </ClInclude>
    <ClInclude Include="TBarSendButton.h">
      <Filter>Header Files</Filter>
    </ClInclude>
    <ClInclude Include="TBarStatic.h">
      <Filter>Header Files</Filter>
    </ClInclude>
    <ClInclude Include="textfile.h">
      <Filter>Header Files</Filter>
    </ClInclude>
    <ClInclude Include="TextFileView.h">
      <Filter>Header Files</Filter>
    </ClInclude>
    <ClInclude Include="TextReader.h">
      <Filter>Header Files</Filter>
    </ClInclude>
    <ClInclude Include="TextToSpeech.h">
      <Filter>Header Files</Filter>
    </ClInclude>
    <ClInclude Include="timestmp.h">
      <Filter>Header Files</Filter>
    </ClInclude>
    <ClInclude Include="TipOfDayDlg.h">
      <Filter>Header Files</Filter>
    </ClInclude>
    <ClInclude Include="tocdoc.h">
      <Filter>Header Files</Filter>
    </ClInclude>
    <ClInclude Include="TocFrame.h">
      <Filter>Header Files</Filter>
    </ClInclude>
    <ClInclude Include="tocview.h">
      <Filter>Header Files</Filter>
    </ClInclude>
    <ClInclude Include="TransReader.h">
      <Filter>Header Files</Filter>
    </ClInclude>
    <ClInclude Include="TreeCtrlCheck.h">
      <Filter>Header Files</Filter>
    </ClInclude>
    <ClInclude Include="TridentPreviewView.h">
      <Filter>Header Files</Filter>
    </ClInclude>
    <ClInclude Include="TridentReadMessageView.h">
      <Filter>Header Files</Filter>
    </ClInclude>
    <ClInclude Include="TridentView.h">
      <Filter>Header Files</Filter>
    </ClInclude>
    <ClInclude Include="trnslate.h">
      <Filter>Header Files</Filter>
    </ClInclude>
    <ClInclude Include="urledit.h">
      <Filter>Header Files</Filter>
    </ClInclude>
    <ClInclude Include="URLUtils.h">
      <Filter>Header Files</Filter>
    </ClInclude>
    <ClInclude Include="UsgStatsDoc.h">
      <Filter>Header Files</Filter>
    </ClInclude>
    <ClInclude Include="UsgStatsView.h">
      <Filter>Header Files</Filter>
    </ClInclude>
    <ClInclude Include="utils.h">
      <Filter>Header Files</Filter>
    </ClInclude>
    <ClInclude Include="uudecode.h">
      <Filter>Header Files</Filter>
    </ClInclude>
    <ClInclude Include="ValidEdit.h">
      <Filter>Header Files</Filter>
    </ClInclude>
    <ClInclude Include="WarnEditHTMLDialog.h">
      <Filter>Header Files</Filter>
    </ClInclude>
    <ClInclude Include="WazooBar.h">
      <Filter>Header Files</Filter>
    </ClInclude>
    <ClInclude Include="WazooBarMgr.h">
      <Filter>Header Files</Filter>
    </ClInclude>
    <ClInclude Include="WazooWnd.h">
      <Filter>Header Files</Filter>
    </ClInclude>
    <ClInclude Include="WebView.h">
      <Filter>Header Files</Filter>
    </ClInclude>
    <ClInclude Include="WebWazooWnd.h">
      <Filter>Header Files</Filter>
    </ClInclude>
    <ClInclude Include="winsock.h">
      <Filter>Header Files</Filter>
    </ClInclude>
    <ClInclude Include="workbook.h">
      <Filter>Header Files</Filter>
    </ClInclude>
    <ClInclude Include="X1EmailIndexItem.h">
      <Filter>Header Files</Filter>
    </ClInclude>
    <ClInclude Include="X1EmailScanner.h">
      <Filter>Header Files</Filter>
    </ClInclude>
    <ClInclude Include="X1EventListener.h">
      <Filter>Header Files</Filter>
    </ClInclude>
    <ClInclude Include="X1Wrapper.h">
      <Filter>Header Files</Filter>
    </ClInclude>
    <ClInclude Include="..\PlaylistClient\plstclnt_dll\xml_parser_base.h">
      <Filter>Header Files</Filter>
    </ClInclude>
    <ClInclude Include="XMLWriter.h">
      <Filter>Header Files</Filter>
    </ClInclude>
    <ClInclude Include="XPThemedAppearance.h">
      <Filter>Header Files</Filter>
    </ClInclude>
  </ItemGroup>
  <ItemGroup>
    <Image Include="RES\ICONS\EUDORA.ICO">
      <Filter>Resource Files</Filter>
    </Image>
    <Image Include="RES\ICONS\NOMAIL.ICO">
      <Filter>Resource Files</Filter>
    </Image>
  </ItemGroup>
  <ItemGroup>
    <ResourceCompile Include="EudoraExe.rc">
      <Filter>Resource Files</Filter>
    </ResourceCompile>
  </ItemGroup>
  <ItemGroup>
    <Manifest Include="Eudora.manifest" />
  </ItemGroup>
  <ItemGroup>
    <None Include="QComApplication.rgs" />
    <None Include="QComAppTypeLib.rgs" />
    <None Include="QComFolder.rgs" />
    <None Include="QComFolders.rgs" />
    <None Include="QComMessage.rgs" />
    <None Include="QComMessages.rgs" />
  </ItemGroup>
  <ItemGroup>
    <CustomBuild Include="EudoraExe.idl">
      <Filter>Source Files</Filter>
    </CustomBuild>
  </ItemGroup>
</Project>