Microsoft Visual Studio Solution File, Format Version 12.00
# Visual Studio 15
VisualStudioVersion = 15.0.28010.2019
MinimumVisualStudioVersion = 10.0.40219.1
Project("{8BC9CEB8-8B4A-11D0-8D11-00A0C91BC942}") = "BugslayerUtil", "BugslayerUtil.vcxproj", "{D4CB82B1-7291-478E-A8C3-AE93CB634F0A}"
EndProject
Project("{8BC9CEB8-8B4A-11D0-8D11-00A0C91BC942}") = "JFX", "..\JFX\JFX.vcxproj", "{95100931-3642-4363-A2BC-E31A813CAFAB}"
EndProject
Project("{8BC9CEB8-8B4A-11D0-8D11-00A0C91BC942}") = "SymbolEngine", "..\SymbolEngine\SymbolEngine.vcxproj", "{80F67D4C-59AE-445C-A65B-684567043616}"
EndProject
Global
	GlobalSection(SolutionConfigurationPlatforms) = preSolution
		Debug|x86 = Debug|x86
		Release|x86 = Release|x86
	EndGlobalSection
	GlobalSection(ProjectConfigurationPlatforms) = postSolution
		{D4CB82B1-7291-478E-A8C3-AE93CB634F0A}.Debug|x86.ActiveCfg = Debug|Win32
		{D4CB82B1-7291-478E-A8C3-AE93CB634F0A}.Release|x86.ActiveCfg = Release|Win32
		{95100931-3642-4363-A2BC-E31A813CAFAB}.Debug|x86.ActiveCfg = Debug|Win32
		{95100931-3642-4363-A2BC-E31A813CAFAB}.Debug|x86.Build.0 = Debug|Win32
		{95100931-3642-4363-A2BC-E31A813CAFAB}.Release|x86.ActiveCfg = Release|Win32
		{95100931-3642-4363-A2BC-E31A813CAFAB}.Release|x86.Build.0 = Release|Win32
		{80F67D4C-59AE-445C-A65B-684567043616}.Debug|x86.ActiveCfg = Debug|Win32
		{80F67D4C-59AE-445C-A65B-684567043616}.Debug|x86.Build.0 = Debug|Win32
		{80F67D4C-59AE-445C-A65B-684567043616}.Release|x86.ActiveCfg = Release|Win32
		{80F67D4C-59AE-445C-A65B-684567043616}.Release|x86.Build.0 = Release|Win32
	EndGlobalSection
	GlobalSection(SolutionProperties) = preSolution
		HideSolutionNode = FALSE
	EndGlobalSection
	GlobalSection(ExtensibilityGlobals) = postSolution
		SolutionGuid = {19E4CB39-B012-4263-AFE5-CBB4C3DC86C9}
	EndGlobalSection
EndGlobal
