<?xml version="1.0" encoding="utf-8"?>
<Project ToolsVersion="4.0" xmlns="http://schemas.microsoft.com/developer/msbuild/2003">
  <ItemGroup>
    <Filter Include="Source Files">
      <UniqueIdentifier>{fb9b4807-58de-4ef0-abf2-b9b6bb8b45ee}</UniqueIdentifier>
      <Extensions>cpp;c;cxx;rc;def;r;odl;hpj;bat;for;f90</Extensions>
    </Filter>
    <Filter Include="Header Files">
      <UniqueIdentifier>{f92559bc-ecc2-4bdc-bf89-ea2d26fb4f6f}</UniqueIdentifier>
      <Extensions>h;hpp;hxx;hm;inl;fi;fd</Extensions>
    </Filter>
    <Filter Include="Resource Files">
      <UniqueIdentifier>{c7620a99-547c-416b-9051-616a1fca0f2d}</UniqueIdentifier>
      <Extensions>ico;cur;bmp;dlg;rc2;rct;bin;cnt;rtf;gif;jpg;jpeg;jpe</Extensions>
    </Filter>
  </ItemGroup>
  <ItemGroup>
    <ClCompile Include="utility\zlib\Adler32.cpp">
      <Filter>Source Files</Filter>
    </ClCompile>
    <ClCompile Include="utility\crypt\Blackbox.cpp">
      <Filter>Source Files</Filter>
    </ClCompile>
    <ClCompile Include="controls\browedit.cpp">
      <Filter>Source Files</Filter>
    </ClCompile>
    <ClCompile Include="controls\calc\CalcBtn.cpp">
      <Filter>Source Files</Filter>
    </ClCompile>
    <ClCompile Include="controls\calendar\Calendar.cpp">
      <Filter>Source Files</Filter>
    </ClCompile>
    <ClCompile Include="controls\calendar\CalTitle.cpp">
      <Filter>Source Files</Filter>
    </ClCompile>
    <ClCompile Include="utility\zlib\compfile.cpp">
      <Filter>Source Files</Filter>
    </ClCompile>
    <ClCompile Include="utility\zlib\Compress.cpp">
      <Filter>Source Files</Filter>
    </ClCompile>
    <ClCompile Include="utility\zlib\Crc32.cpp">
      <Filter>Source Files</Filter>
    </ClCompile>
    <ClCompile Include="utility\crypt\Cryptfil.cpp">
      <Filter>Source Files</Filter>
    </ClCompile>
    <ClCompile Include="controls\curredit.cpp">
      <Filter>Source Files</Filter>
    </ClCompile>
    <ClCompile Include="controls\calendar\DayBar.cpp">
      <Filter>Source Files</Filter>
    </ClCompile>
    <ClCompile Include="controls\calendar\DayBox.cpp">
      <Filter>Source Files</Filter>
    </ClCompile>
    <ClCompile Include="utility\zlib\Deflate.cpp">
      <Filter>Source Files</Filter>
    </ClCompile>
    <ClCompile Include="controls\DropEdit.cpp">
      <Filter>Source Files</Filter>
    </ClCompile>
    <ClCompile Include="controls\datetime\DTButton.cpp">
      <Filter>Source Files</Filter>
    </ClCompile>
    <ClCompile Include="controls\datetime\DTChange.cpp">
      <Filter>Source Files</Filter>
    </ClCompile>
    <ClCompile Include="controls\datetime\DTCtrl.cpp">
      <Filter>Source Files</Filter>
    </ClCompile>
    <ClCompile Include="controls\datetime\DTGadget.cpp">
      <Filter>Source Files</Filter>
    </ClCompile>
    <ClCompile Include="controls\datetime\DTList.cpp">
      <Filter>Source Files</Filter>
    </ClCompile>
    <ClCompile Include="controls\datetime\DTNumerc.cpp">
      <Filter>Source Files</Filter>
    </ClCompile>
    <ClCompile Include="controls\datetime\DTParser.cpp">
      <Filter>Source Files</Filter>
    </ClCompile>
    <ClCompile Include="controls\datetime\DTSpin.cpp">
      <Filter>Source Files</Filter>
    </ClCompile>
    <ClCompile Include="controls\datetime\DTStatic.cpp">
      <Filter>Source Files</Filter>
    </ClCompile>
    <ClCompile Include="mdi\fdichild.cpp">
      <Filter>Source Files</Filter>
    </ClCompile>
    <ClCompile Include="mdi\fdimain.cpp">
      <Filter>Source Files</Filter>
    </ClCompile>
    <ClCompile Include="utility\filesys.cpp">
      <Filter>Source Files</Filter>
    </ClCompile>
    <ClCompile Include="utility\zlib\Gzio.cpp">
      <Filter>Source Files</Filter>
    </ClCompile>
    <ClCompile Include="utility\zlib\Infblock.cpp">
      <Filter>Source Files</Filter>
    </ClCompile>
    <ClCompile Include="utility\zlib\Infcodes.cpp">
      <Filter>Source Files</Filter>
    </ClCompile>
    <ClCompile Include="utility\zlib\Inffast.cpp">
      <Filter>Source Files</Filter>
    </ClCompile>
    <ClCompile Include="utility\zlib\Inflate.cpp">
      <Filter>Source Files</Filter>
    </ClCompile>
    <ClCompile Include="utility\zlib\Inftrees.cpp">
      <Filter>Source Files</Filter>
    </ClCompile>
    <ClCompile Include="utility\zlib\Infutil.cpp">
      <Filter>Source Files</Filter>
    </ClCompile>
    <ClCompile Include="image\Jpeg\Jcapimin.cpp">
      <Filter>Source Files</Filter>
    </ClCompile>
    <ClCompile Include="image\Jpeg\Jcapistd.cpp">
      <Filter>Source Files</Filter>
    </ClCompile>
    <ClCompile Include="image\Jpeg\Jcarith.cpp">
      <Filter>Source Files</Filter>
    </ClCompile>
    <ClCompile Include="image\Jpeg\Jccoefct.cpp">
      <Filter>Source Files</Filter>
    </ClCompile>
    <ClCompile Include="image\Jpeg\Jccolor.cpp">
      <Filter>Source Files</Filter>
    </ClCompile>
    <ClCompile Include="image\Jpeg\Jcdctmgr.cpp">
      <Filter>Source Files</Filter>
    </ClCompile>
    <ClCompile Include="image\Jpeg\Jchuff.cpp">
      <Filter>Source Files</Filter>
    </ClCompile>
    <ClCompile Include="image\Jpeg\Jcinit.cpp">
      <Filter>Source Files</Filter>
    </ClCompile>
    <ClCompile Include="image\Jpeg\Jcmainct.cpp">
      <Filter>Source Files</Filter>
    </ClCompile>
    <ClCompile Include="image\Jpeg\Jcmarker.cpp">
      <Filter>Source Files</Filter>
    </ClCompile>
    <ClCompile Include="image\Jpeg\Jcmaster.cpp">
      <Filter>Source Files</Filter>
    </ClCompile>
    <ClCompile Include="image\Jpeg\Jcomapi.cpp">
      <Filter>Source Files</Filter>
    </ClCompile>
    <ClCompile Include="image\Jpeg\Jcparam.cpp">
      <Filter>Source Files</Filter>
    </ClCompile>
    <ClCompile Include="image\Jpeg\Jcphuff.cpp">
      <Filter>Source Files</Filter>
    </ClCompile>
    <ClCompile Include="image\Jpeg\Jcprepct.cpp">
      <Filter>Source Files</Filter>
    </ClCompile>
    <ClCompile Include="image\Jpeg\Jcsample.cpp">
      <Filter>Source Files</Filter>
    </ClCompile>
    <ClCompile Include="image\Jpeg\Jctrans.cpp">
      <Filter>Source Files</Filter>
    </ClCompile>
    <ClCompile Include="image\Jpeg\Jdapimin.cpp">
      <Filter>Source Files</Filter>
    </ClCompile>
    <ClCompile Include="image\Jpeg\Jdapistd.cpp">
      <Filter>Source Files</Filter>
    </ClCompile>
    <ClCompile Include="image\Jpeg\Jdarith.cpp">
      <Filter>Source Files</Filter>
    </ClCompile>
    <ClCompile Include="image\Jpeg\Jdatadst.cpp">
      <Filter>Source Files</Filter>
    </ClCompile>
    <ClCompile Include="image\Jpeg\Jdatasrc.cpp">
      <Filter>Source Files</Filter>
    </ClCompile>
    <ClCompile Include="image\Jpeg\Jdcoefct.cpp">
      <Filter>Source Files</Filter>
    </ClCompile>
    <ClCompile Include="image\Jpeg\Jdcolor.cpp">
      <Filter>Source Files</Filter>
    </ClCompile>
    <ClCompile Include="image\Jpeg\Jddctmgr.cpp">
      <Filter>Source Files</Filter>
    </ClCompile>
    <ClCompile Include="image\Jpeg\Jdhuff.cpp">
      <Filter>Source Files</Filter>
    </ClCompile>
    <ClCompile Include="image\Jpeg\Jdinput.cpp">
      <Filter>Source Files</Filter>
    </ClCompile>
    <ClCompile Include="image\Jpeg\Jdmainct.cpp">
      <Filter>Source Files</Filter>
    </ClCompile>
    <ClCompile Include="image\Jpeg\Jdmarker.cpp">
      <Filter>Source Files</Filter>
    </ClCompile>
    <ClCompile Include="image\Jpeg\Jdmaster.cpp">
      <Filter>Source Files</Filter>
    </ClCompile>
    <ClCompile Include="image\Jpeg\Jdmerge.cpp">
      <Filter>Source Files</Filter>
    </ClCompile>
    <ClCompile Include="image\Jpeg\Jdphuff.cpp">
      <Filter>Source Files</Filter>
    </ClCompile>
    <ClCompile Include="image\Jpeg\Jdpostct.cpp">
      <Filter>Source Files</Filter>
    </ClCompile>
    <ClCompile Include="image\Jpeg\Jdsample.cpp">
      <Filter>Source Files</Filter>
    </ClCompile>
    <ClCompile Include="image\Jpeg\Jdtrans.cpp">
      <Filter>Source Files</Filter>
    </ClCompile>
    <ClCompile Include="image\Jpeg\Jerror.cpp">
      <Filter>Source Files</Filter>
    </ClCompile>
    <ClCompile Include="image\Jpeg\Jfdctflt.cpp">
      <Filter>Source Files</Filter>
    </ClCompile>
    <ClCompile Include="image\Jpeg\Jfdctfst.cpp">
      <Filter>Source Files</Filter>
    </ClCompile>
    <ClCompile Include="image\Jpeg\Jfdctint.cpp">
      <Filter>Source Files</Filter>
    </ClCompile>
    <ClCompile Include="image\Jpeg\Jidctflt.cpp">
      <Filter>Source Files</Filter>
    </ClCompile>
    <ClCompile Include="image\Jpeg\Jidctfst.cpp">
      <Filter>Source Files</Filter>
    </ClCompile>
    <ClCompile Include="image\Jpeg\Jidctint.cpp">
      <Filter>Source Files</Filter>
    </ClCompile>
    <ClCompile Include="image\Jpeg\Jidctred.cpp">
      <Filter>Source Files</Filter>
    </ClCompile>
    <ClCompile Include="image\Jpeg\Jmemansi.cpp">
      <Filter>Source Files</Filter>
    </ClCompile>
    <ClCompile Include="image\Jpeg\Jmemmgr.cpp">
      <Filter>Source Files</Filter>
    </ClCompile>
    <ClCompile Include="image\Jpeg\Jquant1.cpp">
      <Filter>Source Files</Filter>
    </ClCompile>
    <ClCompile Include="image\Jpeg\Jquant2.cpp">
      <Filter>Source Files</Filter>
    </ClCompile>
    <ClCompile Include="image\Jpeg\Jutils.cpp">
      <Filter>Source Files</Filter>
    </ClCompile>
    <ClCompile Include="controls\lstbxclr.cpp">
      <Filter>Source Files</Filter>
    </ClCompile>
    <ClCompile Include="controls\lstbxedt.cpp">
      <Filter>Source Files</Filter>
    </ClCompile>
    <ClCompile Include="controls\calendar\Panel.cpp">
      <Filter>Source Files</Filter>
    </ClCompile>
    <ClCompile Include="views\Panview.cpp">
      <Filter>Source Files</Filter>
    </ClCompile>
    <ClCompile Include="views\Panwnd.cpp">
      <Filter>Source Files</Filter>
    </ClCompile>
    <ClCompile Include="utility\crypt\Rotor.cpp">
      <Filter>Source Files</Filter>
    </ClCompile>
    <ClCompile Include="docking\sbarcore.cpp">
      <Filter>Source Files</Filter>
    </ClCompile>
    <ClCompile Include="controls\sbarcust.cpp">
      <Filter>Source Files</Filter>
    </ClCompile>
    <ClCompile Include="docking\sbardlg.cpp">
      <Filter>Source Files</Filter>
    </ClCompile>
    <ClCompile Include="docking\sbardock.cpp">
      <Filter>Source Files</Filter>
    </ClCompile>
    <ClCompile Include="docking\sbarmgr.cpp">
      <Filter>Source Files</Filter>
    </ClCompile>
    <ClCompile Include="docking\sbarstat.cpp">
      <Filter>Source Files</Filter>
    </ClCompile>
    <ClCompile Include="docking\Sbartool.cpp">
      <Filter>Source Files</Filter>
    </ClCompile>
    <ClCompile Include="ui\shortcut\SCutAccl.cpp">
      <Filter>Source Files</Filter>
    </ClCompile>
    <ClCompile Include="ui\shortcut\SCutCmds.cpp">
      <Filter>Source Files</Filter>
    </ClCompile>
    <ClCompile Include="ui\shortcut\SCutDlg.cpp">
      <Filter>Source Files</Filter>
    </ClCompile>
    <ClCompile Include="ui\shortcut\SCutKDlg.cpp">
      <Filter>Source Files</Filter>
    </ClCompile>
    <ClCompile Include="docking\sdockcnt.cpp">
      <Filter>Source Files</Filter>
    </ClCompile>
    <ClCompile Include="docking\sdocksta.cpp">
      <Filter>Source Files</Filter>
    </ClCompile>
    <ClCompile Include="secaux.cpp">
      <Filter>Source Files</Filter>
    </ClCompile>
    <ClCompile Include="ui\secbmpdg.cpp">
      <Filter>Source Files</Filter>
    </ClCompile>
    <ClCompile Include="controls\Secbtns.cpp">
      <Filter>Source Files</Filter>
    </ClCompile>
    <ClCompile Include="controls\calc\SecCalc.cpp">
      <Filter>Source Files</Filter>
    </ClCompile>
    <ClCompile Include="utility\Seccomp.cpp">
      <Filter>Source Files</Filter>
    </ClCompile>
    <ClCompile Include="image\Secdib.cpp">
      <Filter>Source Files</Filter>
    </ClCompile>
    <ClCompile Include="Secdll.cpp">
      <Filter>Source Files</Filter>
    </ClCompile>
    <ClCompile Include="image\Secdsp.cpp">
      <Filter>Source Files</Filter>
    </ClCompile>
    <ClCompile Include="image\Secgif.cpp">
      <Filter>Source Files</Filter>
    </ClCompile>
    <ClCompile Include="image\Secimage.cpp">
      <Filter>Source Files</Filter>
    </ClCompile>
    <ClCompile Include="image\Secjpeg.cpp">
      <Filter>Source Files</Filter>
    </ClCompile>
    <ClCompile Include="controls\Secmedit.cpp">
      <Filter>Source Files</Filter>
    </ClCompile>
    <ClCompile Include="image\Secpcx.cpp">
      <Filter>Source Files</Filter>
    </ClCompile>
    <ClCompile Include="utility\Secrand.cpp">
      <Filter>Source Files</Filter>
    </ClCompile>
    <ClCompile Include="utility\Secreg.cpp">
      <Filter>Source Files</Filter>
    </ClCompile>
    <ClCompile Include="ui\secsplsh.cpp">
      <Filter>Source Files</Filter>
    </ClCompile>
    <ClCompile Include="image\Sectarga.cpp">
      <Filter>Source Files</Filter>
    </ClCompile>
    <ClCompile Include="image\Sectiff.cpp">
      <Filter>Source Files</Filter>
    </ClCompile>
    <ClCompile Include="mdi\Sectlf.cpp">
      <Filter>Source Files</Filter>
    </ClCompile>
    <ClCompile Include="ui\thumnail\Sectnbmp.cpp">
      <Filter>Source Files</Filter>
    </ClCompile>
    <ClCompile Include="ui\thumnail\Sectndc.cpp">
      <Filter>Source Files</Filter>
    </ClCompile>
    <ClCompile Include="ui\thumnail\Sectndlg.cpp">
      <Filter>Source Files</Filter>
    </ClCompile>
    <ClCompile Include="ui\thumnail\Sectndoc.cpp">
      <Filter>Source Files</Filter>
    </ClCompile>
    <ClCompile Include="ui\thumnail\Sectnvw.cpp">
      <Filter>Source Files</Filter>
    </ClCompile>
    <ClCompile Include="ui\thumnail\Sectnwin.cpp">
      <Filter>Source Files</Filter>
    </ClCompile>
    <ClCompile Include="ui\sectod.cpp">
      <Filter>Source Files</Filter>
    </ClCompile>
    <ClCompile Include="mdi\Secwb.cpp">
      <Filter>Source Files</Filter>
    </ClCompile>
    <ClCompile Include="controls\Secwell.cpp">
      <Filter>Source Files</Filter>
    </ClCompile>
    <ClCompile Include="ui\secwsmgr.cpp">
      <Filter>Source Files</Filter>
    </ClCompile>
    <ClCompile Include="utility\slocale.cpp">
      <Filter>Source Files</Filter>
    </ClCompile>
    <ClCompile Include="controls\listctrl\slstctip.cpp">
      <Filter>Source Files</Filter>
    </ClCompile>
    <ClCompile Include="controls\listctrl\slstctl.cpp">
      <Filter>Source Files</Filter>
    </ClCompile>
    <ClCompile Include="Stdafx.cpp">
      <Filter>Source Files</Filter>
    </ClCompile>
    <ClCompile Include="mdi\swinfrm.cpp">
      <Filter>Source Files</Filter>
    </ClCompile>
    <ClCompile Include="mdi\swinmdi.cpp">
      <Filter>Source Files</Filter>
    </ClCompile>
    <ClCompile Include="controls\tabctrl\tabctrl.cpp">
      <Filter>Source Files</Filter>
    </ClCompile>
    <ClCompile Include="controls\tabctrl\tabctrl3.cpp">
      <Filter>Source Files</Filter>
    </ClCompile>
    <ClCompile Include="controls\tabctrl\tabctrlb.cpp">
      <Filter>Source Files</Filter>
    </ClCompile>
    <ClCompile Include="controls\tabctrl\tabwnd.cpp">
      <Filter>Source Files</Filter>
    </ClCompile>
    <ClCompile Include="controls\tabctrl\tabwnd3.cpp">
      <Filter>Source Files</Filter>
    </ClCompile>
    <ClCompile Include="controls\tabctrl\tabwndb.cpp">
      <Filter>Source Files</Filter>
    </ClCompile>
    <ClCompile Include="ui\ctoolbar\tbarcust.cpp">
      <Filter>Source Files</Filter>
    </ClCompile>
    <ClCompile Include="ui\ctoolbar\tbarmgr.cpp">
      <Filter>Source Files</Filter>
    </ClCompile>
    <ClCompile Include="ui\ctoolbar\tbarpage.cpp">
      <Filter>Source Files</Filter>
    </ClCompile>
    <ClCompile Include="ui\ctoolbar\tbarsdlg.cpp">
      <Filter>Source Files</Filter>
    </ClCompile>
    <ClCompile Include="ui\ctoolbar\tbartrck.cpp">
      <Filter>Source Files</Filter>
    </ClCompile>
    <ClCompile Include="ui\ctoolbar\tbtn2prt.cpp">
      <Filter>Source Files</Filter>
    </ClCompile>
    <ClCompile Include="ui\ctoolbar\tbtncmbo.cpp">
      <Filter>Source Files</Filter>
    </ClCompile>
    <ClCompile Include="ui\ctoolbar\tbtnstd.cpp">
      <Filter>Source Files</Filter>
    </ClCompile>
    <ClCompile Include="ui\ctoolbar\tbtnwnd.cpp">
      <Filter>Source Files</Filter>
    </ClCompile>
    <ClCompile Include="image\Tiff\Tif_aux.cpp">
      <Filter>Source Files</Filter>
    </ClCompile>
    <ClCompile Include="image\Tiff\Tif_ccit.cpp">
      <Filter>Source Files</Filter>
    </ClCompile>
    <ClCompile Include="image\Tiff\Tif_clos.cpp">
      <Filter>Source Files</Filter>
    </ClCompile>
    <ClCompile Include="image\Tiff\Tif_comp.cpp">
      <Filter>Source Files</Filter>
    </ClCompile>
    <ClCompile Include="image\Tiff\Tif_dir.cpp">
      <Filter>Source Files</Filter>
    </ClCompile>
    <ClCompile Include="image\Tiff\Tif_diri.cpp">
      <Filter>Source Files</Filter>
    </ClCompile>
    <ClCompile Include="image\Tiff\Tif_dirr.cpp">
      <Filter>Source Files</Filter>
    </ClCompile>
    <ClCompile Include="image\Tiff\Tif_dirw.cpp">
      <Filter>Source Files</Filter>
    </ClCompile>
    <ClCompile Include="image\Tiff\Tif_dump.cpp">
      <Filter>Source Files</Filter>
    </ClCompile>
    <ClCompile Include="image\Tiff\Tif_erro.cpp">
      <Filter>Source Files</Filter>
    </ClCompile>
    <ClCompile Include="image\Tiff\Tif_fax3.cpp">
      <Filter>Source Files</Filter>
    </ClCompile>
    <ClCompile Include="image\Tiff\Tif_fax4.cpp">
      <Filter>Source Files</Filter>
    </ClCompile>
    <ClCompile Include="image\Tiff\Tif_flus.cpp">
      <Filter>Source Files</Filter>
    </ClCompile>
    <ClCompile Include="image\Tiff\Tif_geti.cpp">
      <Filter>Source Files</Filter>
    </ClCompile>
    <ClCompile Include="image\Tiff\Tif_jpeg.cpp">
      <Filter>Source Files</Filter>
    </ClCompile>
    <ClCompile Include="image\Tiff\Tif_lzw.cpp">
      <Filter>Source Files</Filter>
    </ClCompile>
    <ClCompile Include="image\Tiff\Tif_msdo.cpp">
      <Filter>Source Files</Filter>
    </ClCompile>
    <ClCompile Include="image\Tiff\Tif_open.cpp">
      <Filter>Source Files</Filter>
    </ClCompile>
    <ClCompile Include="image\Tiff\Tif_pack.cpp">
      <Filter>Source Files</Filter>
    </ClCompile>
    <ClCompile Include="image\Tiff\Tif_prin.cpp">
      <Filter>Source Files</Filter>
    </ClCompile>
    <ClCompile Include="image\Tiff\Tif_read.cpp">
      <Filter>Source Files</Filter>
    </ClCompile>
    <ClCompile Include="image\Tiff\Tif_stri.cpp">
      <Filter>Source Files</Filter>
    </ClCompile>
    <ClCompile Include="image\Tiff\Tif_swab.cpp">
      <Filter>Source Files</Filter>
    </ClCompile>
    <ClCompile Include="image\Tiff\Tif_thun.cpp">
      <Filter>Source Files</Filter>
    </ClCompile>
    <ClCompile Include="image\Tiff\Tif_tile.cpp">
      <Filter>Source Files</Filter>
    </ClCompile>
    <ClCompile Include="image\Tiff\Tif_vers.cpp">
      <Filter>Source Files</Filter>
    </ClCompile>
    <ClCompile Include="image\Tiff\Tif_warn.cpp">
      <Filter>Source Files</Filter>
    </ClCompile>
    <ClCompile Include="image\Tiff\Tif_writ.cpp">
      <Filter>Source Files</Filter>
    </ClCompile>
    <ClCompile Include="controls\treectrl\TrCtlX.cpp">
      <Filter>Source Files</Filter>
    </ClCompile>
    <ClCompile Include="controls\treectrl\TreeNode.cpp">
      <Filter>Source Files</Filter>
    </ClCompile>
    <ClCompile Include="utility\zlib\Trees.cpp">
      <Filter>Source Files</Filter>
    </ClCompile>
    <ClCompile Include="utility\zlib\Uncompr.cpp">
      <Filter>Source Files</Filter>
    </ClCompile>
    <ClCompile Include="ui\toolsmnu\usertool.cpp">
      <Filter>Source Files</Filter>
    </ClCompile>
    <ClCompile Include="ui\toolsmnu\usrtldlg.cpp">
      <Filter>Source Files</Filter>
    </ClCompile>
    <ClCompile Include="views\Zoomview.cpp">
      <Filter>Source Files</Filter>
    </ClCompile>
    <ClCompile Include="utility\zlib\Zutil.cpp">
      <Filter>Source Files</Filter>
    </ClCompile>
  </ItemGroup>
  <ItemGroup>
    <None Include="build50.mak">
      <Filter>Source Files</Filter>
    </None>
    <None Include="OTA50D\OTA50D.bsc" />
  </ItemGroup>
  <ItemGroup>
    <ClInclude Include="Stdafx.h">
      <Filter>Source Files</Filter>
    </ClInclude>
    <ClInclude Include="..\Include\Blackbox.h">
      <Filter>Header Files</Filter>
    </ClInclude>
    <ClInclude Include="..\Include\browedit.h">
      <Filter>Header Files</Filter>
    </ClInclude>
    <ClInclude Include="..\Include\CalcBtn.h">
      <Filter>Header Files</Filter>
    </ClInclude>
    <ClInclude Include="..\Include\Calendar.h">
      <Filter>Header Files</Filter>
    </ClInclude>
    <ClInclude Include="..\Include\caltitle.h">
      <Filter>Header Files</Filter>
    </ClInclude>
    <ClInclude Include="..\Include\Cderror.h">
      <Filter>Header Files</Filter>
    </ClInclude>
    <ClInclude Include="..\Include\Cdjpeg.h">
      <Filter>Header Files</Filter>
    </ClInclude>
    <ClInclude Include="..\Include\compeng.h">
      <Filter>Header Files</Filter>
    </ClInclude>
    <ClInclude Include="..\Include\Cryptfil.h">
      <Filter>Header Files</Filter>
    </ClInclude>
    <ClInclude Include="..\Include\curredit.h">
      <Filter>Header Files</Filter>
    </ClInclude>
    <ClInclude Include="..\Include\DayBar.h">
      <Filter>Header Files</Filter>
    </ClInclude>
    <ClInclude Include="..\Include\DayBox.h">
      <Filter>Header Files</Filter>
    </ClInclude>
    <ClInclude Include="..\Include\Deflate.h">
      <Filter>Header Files</Filter>
    </ClInclude>
    <ClInclude Include="..\Include\DropEdit.h">
      <Filter>Header Files</Filter>
    </ClInclude>
    <ClInclude Include="..\Include\DTCtrl.h">
      <Filter>Header Files</Filter>
    </ClInclude>
    <ClInclude Include="..\Include\DTGadget.h">
      <Filter>Header Files</Filter>
    </ClInclude>
    <ClInclude Include="..\Include\fdichild.h">
      <Filter>Header Files</Filter>
    </ClInclude>
    <ClInclude Include="..\Include\fdimain.h">
      <Filter>Header Files</Filter>
    </ClInclude>
    <ClInclude Include="..\Include\filesys.h">
      <Filter>Header Files</Filter>
    </ClInclude>
    <ClInclude Include="..\Include\G3states.h">
      <Filter>Header Files</Filter>
    </ClInclude>
    <ClInclude Include="..\Include\Gxtchar.h">
      <Filter>Header Files</Filter>
    </ClInclude>
    <ClInclude Include="..\Include\Infcodes.h">
      <Filter>Header Files</Filter>
    </ClInclude>
    <ClInclude Include="..\Include\Inffast.h">
      <Filter>Header Files</Filter>
    </ClInclude>
    <ClInclude Include="..\Include\Infutil.h">
      <Filter>Header Files</Filter>
    </ClInclude>
    <ClInclude Include="..\Include\Jchuff.h">
      <Filter>Header Files</Filter>
    </ClInclude>
    <ClInclude Include="..\Include\Jconfig.h">
      <Filter>Header Files</Filter>
    </ClInclude>
    <ClInclude Include="..\Include\Jdct.h">
      <Filter>Header Files</Filter>
    </ClInclude>
    <ClInclude Include="..\Include\Jdhuff.h">
      <Filter>Header Files</Filter>
    </ClInclude>
    <ClInclude Include="..\Include\Jerror.h">
      <Filter>Header Files</Filter>
    </ClInclude>
    <ClInclude Include="..\Include\Jinclude.h">
      <Filter>Header Files</Filter>
    </ClInclude>
    <ClInclude Include="..\Include\Jmemdos.h">
      <Filter>Header Files</Filter>
    </ClInclude>
    <ClInclude Include="..\Include\Jmemsys.h">
      <Filter>Header Files</Filter>
    </ClInclude>
    <ClInclude Include="..\Include\Jmorecfg.h">
      <Filter>Header Files</Filter>
    </ClInclude>
    <ClInclude Include="..\Include\Jpegdata.h">
      <Filter>Header Files</Filter>
    </ClInclude>
    <ClInclude Include="..\Include\Jpegint.h">
      <Filter>Header Files</Filter>
    </ClInclude>
    <ClInclude Include="..\Include\Jpeglib.h">
      <Filter>Header Files</Filter>
    </ClInclude>
    <ClInclude Include="..\Include\Jversion.h">
      <Filter>Header Files</Filter>
    </ClInclude>
    <ClInclude Include="..\Include\lstbxclr.h">
      <Filter>Header Files</Filter>
    </ClInclude>
    <ClInclude Include="..\Include\lstbxedt.h">
      <Filter>Header Files</Filter>
    </ClInclude>
    <ClInclude Include="..\Include\Panel.h">
      <Filter>Header Files</Filter>
    </ClInclude>
    <ClInclude Include="..\Include\Rotor.h">
      <Filter>Header Files</Filter>
    </ClInclude>
    <ClInclude Include="..\Include\SafetyPal.h">
      <Filter>Header Files</Filter>
    </ClInclude>
    <ClInclude Include="..\Include\sbarcore.h">
      <Filter>Header Files</Filter>
    </ClInclude>
    <ClInclude Include="..\Include\sbarcust.h">
      <Filter>Header Files</Filter>
    </ClInclude>
    <ClInclude Include="..\Include\sbardlg.h">
      <Filter>Header Files</Filter>
    </ClInclude>
    <ClInclude Include="..\Include\sbardock.h">
      <Filter>Header Files</Filter>
    </ClInclude>
    <ClInclude Include="..\Include\sbarmgr.h">
      <Filter>Header Files</Filter>
    </ClInclude>
    <ClInclude Include="..\Include\sbarstat.h">
      <Filter>Header Files</Filter>
    </ClInclude>
    <ClInclude Include="..\Include\Sbartool.h">
      <Filter>Header Files</Filter>
    </ClInclude>
    <ClInclude Include="..\Include\SCutAccl.h">
      <Filter>Header Files</Filter>
    </ClInclude>
    <ClInclude Include="..\Include\SCutCmds.h">
      <Filter>Header Files</Filter>
    </ClInclude>
    <ClInclude Include="..\Include\SCutDlg.h">
      <Filter>Header Files</Filter>
    </ClInclude>
    <ClInclude Include="..\Include\scutkdlg.h">
      <Filter>Header Files</Filter>
    </ClInclude>
    <ClInclude Include="..\Include\sdockcnt.h">
      <Filter>Header Files</Filter>
    </ClInclude>
    <ClInclude Include="..\Include\sdocksta.h">
      <Filter>Header Files</Filter>
    </ClInclude>
    <ClInclude Include="..\Include\Secall.h">
      <Filter>Header Files</Filter>
    </ClInclude>
    <ClInclude Include="..\Include\secaux.h">
      <Filter>Header Files</Filter>
    </ClInclude>
    <ClInclude Include="..\Include\Secbmpdg.h">
      <Filter>Header Files</Filter>
    </ClInclude>
    <ClInclude Include="..\Include\Secbtns.h">
      <Filter>Header Files</Filter>
    </ClInclude>
    <ClInclude Include="..\Include\SecCalc.h">
      <Filter>Header Files</Filter>
    </ClInclude>
    <ClInclude Include="..\Include\seccomp.h">
      <Filter>Header Files</Filter>
    </ClInclude>
    <ClInclude Include="..\Include\Secdib.h">
      <Filter>Header Files</Filter>
    </ClInclude>
    <ClInclude Include="..\Include\Secdll.h">
      <Filter>Header Files</Filter>
    </ClInclude>
    <ClInclude Include="..\Include\Secgif.h">
      <Filter>Header Files</Filter>
    </ClInclude>
    <ClInclude Include="..\Include\Secimage.h">
      <Filter>Header Files</Filter>
    </ClInclude>
    <ClInclude Include="..\Include\Secimpl.h">
      <Filter>Header Files</Filter>
    </ClInclude>
    <ClInclude Include="..\Include\Secjpeg.h">
      <Filter>Header Files</Filter>
    </ClInclude>
    <ClInclude Include="..\Include\Secmedit.h">
      <Filter>Header Files</Filter>
    </ClInclude>
    <ClInclude Include="..\Include\Secpanvw.h">
      <Filter>Header Files</Filter>
    </ClInclude>
    <ClInclude Include="..\Include\Secpanwn.h">
      <Filter>Header Files</Filter>
    </ClInclude>
    <ClInclude Include="..\Include\Secpcx.h">
      <Filter>Header Files</Filter>
    </ClInclude>
    <ClInclude Include="..\Include\Secrand.h">
      <Filter>Header Files</Filter>
    </ClInclude>
    <ClInclude Include="..\Include\Secreg.h">
      <Filter>Header Files</Filter>
    </ClInclude>
    <ClInclude Include="..\Include\Secres.h">
      <Filter>Header Files</Filter>
    </ClInclude>
    <ClInclude Include="..\Include\Secsplsh.h">
      <Filter>Header Files</Filter>
    </ClInclude>
    <ClInclude Include="..\Include\Sectarga.h">
      <Filter>Header Files</Filter>
    </ClInclude>
    <ClInclude Include="..\Include\sectchar.h">
      <Filter>Header Files</Filter>
    </ClInclude>
    <ClInclude Include="..\Include\Sectiff.h">
      <Filter>Header Files</Filter>
    </ClInclude>
    <ClInclude Include="..\Include\Sectlf.h">
      <Filter>Header Files</Filter>
    </ClInclude>
    <ClInclude Include="..\Include\Sectnbmp.h">
      <Filter>Header Files</Filter>
    </ClInclude>
    <ClInclude Include="..\Include\Sectndc.h">
      <Filter>Header Files</Filter>
    </ClInclude>
    <ClInclude Include="..\Include\Sectndlg.h">
      <Filter>Header Files</Filter>
    </ClInclude>
    <ClInclude Include="..\Include\Sectndoc.h">
      <Filter>Header Files</Filter>
    </ClInclude>
    <ClInclude Include="..\Include\Sectnvw.h">
      <Filter>Header Files</Filter>
    </ClInclude>
    <ClInclude Include="..\Include\Sectnwin.h">
      <Filter>Header Files</Filter>
    </ClInclude>
    <ClInclude Include="..\Include\Sectod.h">
      <Filter>Header Files</Filter>
    </ClInclude>
    <ClInclude Include="..\Include\Secver.h">
      <Filter>Header Files</Filter>
    </ClInclude>
    <ClInclude Include="..\Include\Secwb.h">
      <Filter>Header Files</Filter>
    </ClInclude>
    <ClInclude Include="..\Include\Secwell.h">
      <Filter>Header Files</Filter>
    </ClInclude>
    <ClInclude Include="..\Include\secwsmgr.h">
      <Filter>Header Files</Filter>
    </ClInclude>
    <ClInclude Include="..\Include\Seczmvw.h">
      <Filter>Header Files</Filter>
    </ClInclude>
    <ClInclude Include="..\Include\slocale.h">
      <Filter>Header Files</Filter>
    </ClInclude>
    <ClInclude Include="..\Include\slstctip.h">
      <Filter>Header Files</Filter>
    </ClInclude>
    <ClInclude Include="..\Include\slstctl.h">
      <Filter>Header Files</Filter>
    </ClInclude>
    <ClInclude Include="..\Include\swinfrm.h">
      <Filter>Header Files</Filter>
    </ClInclude>
    <ClInclude Include="..\Include\swinmdi.h">
      <Filter>Header Files</Filter>
    </ClInclude>
    <ClInclude Include="..\Include\T4.h">
      <Filter>Header Files</Filter>
    </ClInclude>
    <ClInclude Include="..\Include\tabctrl.h">
      <Filter>Header Files</Filter>
    </ClInclude>
    <ClInclude Include="..\Include\tabctrl3.h">
      <Filter>Header Files</Filter>
    </ClInclude>
    <ClInclude Include="..\Include\tabctrlb.h">
      <Filter>Header Files</Filter>
    </ClInclude>
    <ClInclude Include="..\Include\tabwnd.h">
      <Filter>Header Files</Filter>
    </ClInclude>
    <ClInclude Include="..\Include\tabwnd3.h">
      <Filter>Header Files</Filter>
    </ClInclude>
    <ClInclude Include="..\Include\tabwndb.h">
      <Filter>Header Files</Filter>
    </ClInclude>
    <ClInclude Include="..\Include\tbarcust.h">
      <Filter>Header Files</Filter>
    </ClInclude>
    <ClInclude Include="..\Include\tbarmgr.h">
      <Filter>Header Files</Filter>
    </ClInclude>
    <ClInclude Include="..\Include\tbarpage.h">
      <Filter>Header Files</Filter>
    </ClInclude>
    <ClInclude Include="..\Include\tbarsdlg.h">
      <Filter>Header Files</Filter>
    </ClInclude>
    <ClInclude Include="..\Include\tbartrck.h">
      <Filter>Header Files</Filter>
    </ClInclude>
    <ClInclude Include="..\Include\tbtn2prt.h">
      <Filter>Header Files</Filter>
    </ClInclude>
    <ClInclude Include="..\Include\tbtncmbo.h">
      <Filter>Header Files</Filter>
    </ClInclude>
    <ClInclude Include="..\Include\tbtnstd.h">
      <Filter>Header Files</Filter>
    </ClInclude>
    <ClInclude Include="..\Include\tbtnwnd.h">
      <Filter>Header Files</Filter>
    </ClInclude>
    <ClInclude Include="..\Include\Tif_fax3.h">
      <Filter>Header Files</Filter>
    </ClInclude>
    <ClInclude Include="..\Include\Tiff.h">
      <Filter>Header Files</Filter>
    </ClInclude>
    <ClInclude Include="..\Include\Tiffbase.h">
      <Filter>Header Files</Filter>
    </ClInclude>
    <ClInclude Include="..\Include\Tiffcomp.h">
      <Filter>Header Files</Filter>
    </ClInclude>
    <ClInclude Include="..\Include\Tiffconf.h">
      <Filter>Header Files</Filter>
    </ClInclude>
    <ClInclude Include="..\Include\Tiffio.h">
      <Filter>Header Files</Filter>
    </ClInclude>
    <ClInclude Include="..\Include\Tiffiop.h">
      <Filter>Header Files</Filter>
    </ClInclude>
    <ClInclude Include="..\Include\TraceFile.h">
      <Filter>Header Files</Filter>
    </ClInclude>
    <ClInclude Include="..\Include\TrCtlX.h">
      <Filter>Header Files</Filter>
    </ClInclude>
    <ClInclude Include="..\Include\TreeNode.h">
      <Filter>Header Files</Filter>
    </ClInclude>
    <ClInclude Include="..\Include\usertool.h">
      <Filter>Header Files</Filter>
    </ClInclude>
    <ClInclude Include="..\Include\usrtldlg.h">
      <Filter>Header Files</Filter>
    </ClInclude>
    <ClInclude Include="..\Include\Zconf.h">
      <Filter>Header Files</Filter>
    </ClInclude>
    <ClInclude Include="..\Include\Zlib.h">
      <Filter>Header Files</Filter>
    </ClInclude>
    <ClInclude Include="..\Include\Zutil.h">
      <Filter>Header Files</Filter>
    </ClInclude>
  </ItemGroup>
</Project>