Microsoft Visual Studio Solution File, Format Version 12.00
# Visual Studio 15
VisualStudioVersion = 15.0.27703.2018
MinimumVisualStudioVersion = 10.0.40219.1
Project("{8BC9CEB8-8B4A-11D0-8D11-00A0C91BC942}") = "AccountWizard", "AccountWizard\AccountWizard.vcxproj", "{A3893849-E600-4229-859C-FB2E524A02AF}"
EndProject
Project("{8BC9CEB8-8B4A-11D0-8D11-00A0C91BC942}") = "DirectoryServicesUI", "DirectoryServices\DirectoryServicesUI\DirectoryServicesUI.vcxproj", "{E7DEB109-6E69-405B-8178-D2E51E8BF864}"
EndProject
Project("{8BC9CEB8-8B4A-11D0-8D11-00A0C91BC942}") = "EuImap", "EuImap\EuImap.vcxproj", "{D50F60F5-CFCF-48F4-867F-EF743A8FD120}"
EndProject
Project("{8BC9CEB8-8B4A-11D0-8D11-00A0C91BC942}") = "EuLang", "EuLang\EuLang.vcxproj", "{1CDAB9E1-9D9A-4DF1-8316-FD68C439FF8C}"
EndProject
Project("{8BC9CEB8-8B4A-11D0-8D11-00A0C91BC942}") = "Eudora", "Eudora\Eudora.vcxproj", "{B94694FC-1EAC-4E90-9006-E40CF1C85041}"
EndProject
Project("{8BC9CEB8-8B4A-11D0-8D11-00A0C91BC942}") = "EudoraOldIcons", "EudoraOldIcons\EudoraOldIcons.vcxproj", "{8D8CC924-3876-4418-BAFF-D08E2139FC92}"
EndProject
Project("{8BC9CEB8-8B4A-11D0-8D11-00A0C91BC942}") = "EudoraRes", "Eudora\EudoraRes.vcxproj", "{2BE84818-8850-49AD-92E6-93A2B7A6565C}"
EndProject
Project("{8BC9CEB8-8B4A-11D0-8D11-00A0C91BC942}") = "Imap", "Imapdll\imap.vcxproj", "{96301C25-2FE7-4A25-830F-1D7084CC12E6}"
EndProject
Project("{8BC9CEB8-8B4A-11D0-8D11-00A0C91BC942}") = "NSImport", "Importers\NSImport\NSImport.vcxproj", "{26FCCCEE-FFF9-4908-85A6-088944A0D1FD}"
EndProject
Project("{8BC9CEB8-8B4A-11D0-8D11-00A0C91BC942}") = "OEImport", "Importers\OEImport\OEImport.vcxproj", "{45B16D5B-2CF8-4B87-BD81-184523BFED8F}"
EndProject
Project("{8BC9CEB8-8B4A-11D0-8D11-00A0C91BC942}") = "OLImport", "Importers\OLImport\OLImport.vcxproj", "{63F4F8F8-DAD9-4356-951C-4B8C929FEF74}"
EndProject
Project("{8BC9CEB8-8B4A-11D0-8D11-00A0C91BC942}") = "OT501", "OT501\Src\OT501.vcxproj", "{36EB689A-7C2C-4C2E-8F1C-744FDD4DDFA2}"
EndProject
Project("{8BC9CEB8-8B4A-11D0-8D11-00A0C91BC942}") = "OpenSSL", "OpenSSL\OpenSSL.vcxproj", "{40AD5B45-6A83-4EA5-AA08-172D6C65BBFA}"
EndProject
Project("{8BC9CEB8-8B4A-11D0-8D11-00A0C91BC942}") = "QCSSL", "QCSSL\QCSSL.vcxproj", "{022798E2-47F3-4CA5-B4B1-391D2FA3F920}"
EndProject
Project("{8BC9CEB8-8B4A-11D0-8D11-00A0C91BC942}") = "QCSocket", "QCSocket\QCSocket.vcxproj", "{EB832EA8-35CF-45FD-B644-E423AFFC4FEB}"
EndProject
Project("{8BC9CEB8-8B4A-11D0-8D11-00A0C91BC942}") = "QCUtils", "QCUtils\QCUtils.vcxproj", "{8153DB1A-F996-48A8-A1A6-B183C086A94D}"
EndProject
Project("{8BC9CEB8-8B4A-11D0-8D11-00A0C91BC942}") = "SearchEngine", "SearchEngine\SearchEngine.vcxproj", "{FBE55C67-E107-45C2-87BF-31E55D7FCAFC}"
EndProject
Project("{8BC9CEB8-8B4A-11D0-8D11-00A0C91BC942}") = "plstclnt", "PlaylistClient\plstclnt_dll\plstclnt.vcxproj", "{5039D1CB-8A81-4D6D-B131-06D88A24CBF5}"
EndProject
Global
	GlobalSection(SolutionConfigurationPlatforms) = preSolution
		Debug|x86 = Debug|x86
		Release|x86 = Release|x86
	EndGlobalSection
	GlobalSection(ProjectConfigurationPlatforms) = postSolution
		{A3893849-E600-4229-859C-FB2E524A02AF}.Debug|x86.ActiveCfg = Debug|Win32
		{A3893849-E600-4229-859C-FB2E524A02AF}.Debug|x86.Build.0 = Debug|Win32
		{A3893849-E600-4229-859C-FB2E524A02AF}.Release|x86.ActiveCfg = Release|Win32
		{A3893849-E600-4229-859C-FB2E524A02AF}.Release|x86.Build.0 = Release|Win32
		{E7DEB109-6E69-405B-8178-D2E51E8BF864}.Debug|x86.ActiveCfg = Debug|Win32
		{E7DEB109-6E69-405B-8178-D2E51E8BF864}.Debug|x86.Build.0 = Debug|Win32
		{E7DEB109-6E69-405B-8178-D2E51E8BF864}.Release|x86.ActiveCfg = Release|Win32
		{E7DEB109-6E69-405B-8178-D2E51E8BF864}.Release|x86.Build.0 = Release|Win32
		{D50F60F5-CFCF-48F4-867F-EF743A8FD120}.Debug|x86.ActiveCfg = Debug|Win32
		{D50F60F5-CFCF-48F4-867F-EF743A8FD120}.Debug|x86.Build.0 = Debug|Win32
		{D50F60F5-CFCF-48F4-867F-EF743A8FD120}.Release|x86.ActiveCfg = Release|Win32
		{D50F60F5-CFCF-48F4-867F-EF743A8FD120}.Release|x86.Build.0 = Release|Win32
		{1CDAB9E1-9D9A-4DF1-8316-FD68C439FF8C}.Debug|x86.ActiveCfg = Debug|Win32
		{1CDAB9E1-9D9A-4DF1-8316-FD68C439FF8C}.Debug|x86.Build.0 = Debug|Win32
		{1CDAB9E1-9D9A-4DF1-8316-FD68C439FF8C}.Release|x86.ActiveCfg = Release|Win32
		{1CDAB9E1-9D9A-4DF1-8316-FD68C439FF8C}.Release|x86.Build.0 = Release|Win32
		{B94694FC-1EAC-4E90-9006-E40CF1C85041}.Debug|x86.ActiveCfg = Debug|Win32
		{B94694FC-1EAC-4E90-9006-E40CF1C85041}.Debug|x86.Build.0 = Debug|Win32
		{B94694FC-1EAC-4E90-9006-E40CF1C85041}.Release|x86.ActiveCfg = Release|Win32
		{B94694FC-1EAC-4E90-9006-E40CF1C85041}.Release|x86.Build.0 = Release|Win32
		{8D8CC924-3876-4418-BAFF-D08E2139FC92}.Debug|x86.ActiveCfg = Debug|Win32
		{8D8CC924-3876-4418-BAFF-D08E2139FC92}.Debug|x86.Build.0 = Debug|Win32
		{8D8CC924-3876-4418-BAFF-D08E2139FC92}.Release|x86.ActiveCfg = Release|Win32
		{8D8CC924-3876-4418-BAFF-D08E2139FC92}.Release|x86.Build.0 = Release|Win32
		{2BE84818-8850-49AD-92E6-93A2B7A6565C}.Debug|x86.ActiveCfg = Debug|Win32
		{2BE84818-8850-49AD-92E6-93A2B7A6565C}.Debug|x86.Build.0 = Debug|Win32
		{2BE84818-8850-49AD-92E6-93A2B7A6565C}.Release|x86.ActiveCfg = Release|Win32
		{2BE84818-8850-49AD-92E6-93A2B7A6565C}.Release|x86.Build.0 = Release|Win32
		{96301C25-2FE7-4A25-830F-1D7084CC12E6}.Debug|x86.ActiveCfg = Debug|Win32
		{96301C25-2FE7-4A25-830F-1D7084CC12E6}.Debug|x86.Build.0 = Debug|Win32
		{96301C25-2FE7-4A25-830F-1D7084CC12E6}.Release|x86.ActiveCfg = Release|Win32
		{96301C25-2FE7-4A25-830F-1D7084CC12E6}.Release|x86.Build.0 = Release|Win32
		{26FCCCEE-FFF9-4908-85A6-088944A0D1FD}.Debug|x86.ActiveCfg = Debug|Win32
		{26FCCCEE-FFF9-4908-85A6-088944A0D1FD}.Debug|x86.Build.0 = Debug|Win32
		{26FCCCEE-FFF9-4908-85A6-088944A0D1FD}.Release|x86.ActiveCfg = Release|Win32
		{26FCCCEE-FFF9-4908-85A6-088944A0D1FD}.Release|x86.Build.0 = Release|Win32
		{45B16D5B-2CF8-4B87-BD81-184523BFED8F}.Debug|x86.ActiveCfg = Debug|Win32
		{45B16D5B-2CF8-4B87-BD81-184523BFED8F}.Debug|x86.Build.0 = Debug|Win32
		{45B16D5B-2CF8-4B87-BD81-184523BFED8F}.Release|x86.ActiveCfg = Release|Win32
		{45B16D5B-2CF8-4B87-BD81-184523BFED8F}.Release|x86.Build.0 = Release|Win32
		{63F4F8F8-DAD9-4356-951C-4B8C929FEF74}.Debug|x86.ActiveCfg = Debug|Win32
		{63F4F8F8-DAD9-4356-951C-4B8C929FEF74}.Debug|x86.Build.0 = Debug|Win32
		{63F4F8F8-DAD9-4356-951C-4B8C929FEF74}.Release|x86.ActiveCfg = Release|Win32
		{63F4F8F8-DAD9-4356-951C-4B8C929FEF74}.Release|x86.Build.0 = Release|Win32
		{36EB689A-7C2C-4C2E-8F1C-744FDD4DDFA2}.Debug|x86.ActiveCfg = Debug|Win32
		{36EB689A-7C2C-4C2E-8F1C-744FDD4DDFA2}.Debug|x86.Build.0 = Debug|Win32
		{36EB689A-7C2C-4C2E-8F1C-744FDD4DDFA2}.Release|x86.ActiveCfg = Release|Win32
		{36EB689A-7C2C-4C2E-8F1C-744FDD4DDFA2}.Release|x86.Build.0 = Release|Win32
		{40AD5B45-6A83-4EA5-AA08-172D6C65BBFA}.Debug|x86.ActiveCfg = Debug|Win32
		{40AD5B45-6A83-4EA5-AA08-172D6C65BBFA}.Debug|x86.Build.0 = Debug|Win32
		{40AD5B45-6A83-4EA5-AA08-172D6C65BBFA}.Release|x86.ActiveCfg = Release|Win32
		{40AD5B45-6A83-4EA5-AA08-172D6C65BBFA}.Release|x86.Build.0 = Release|Win32
		{022798E2-47F3-4CA5-B4B1-391D2FA3F920}.Debug|x86.ActiveCfg = Debug|Win32
		{022798E2-47F3-4CA5-B4B1-391D2FA3F920}.Debug|x86.Build.0 = Debug|Win32
		{022798E2-47F3-4CA5-B4B1-391D2FA3F920}.Release|x86.ActiveCfg = Release|Win32
		{022798E2-47F3-4CA5-B4B1-391D2FA3F920}.Release|x86.Build.0 = Release|Win32
		{EB832EA8-35CF-45FD-B644-E423AFFC4FEB}.Debug|x86.ActiveCfg = Debug|Win32
		{EB832EA8-35CF-45FD-B644-E423AFFC4FEB}.Debug|x86.Build.0 = Debug|Win32
		{EB832EA8-35CF-45FD-B644-E423AFFC4FEB}.Release|x86.ActiveCfg = Release|Win32
		{EB832EA8-35CF-45FD-B644-E423AFFC4FEB}.Release|x86.Build.0 = Release|Win32
		{8153DB1A-F996-48A8-A1A6-B183C086A94D}.Debug|x86.ActiveCfg = Debug|Win32
		{8153DB1A-F996-48A8-A1A6-B183C086A94D}.Debug|x86.Build.0 = Debug|Win32
		{8153DB1A-F996-48A8-A1A6-B183C086A94D}.Release|x86.ActiveCfg = Release|Win32
		{8153DB1A-F996-48A8-A1A6-B183C086A94D}.Release|x86.Build.0 = Release|Win32
		{FBE55C67-E107-45C2-87BF-31E55D7FCAFC}.Debug|x86.ActiveCfg = Debug|Win32
		{FBE55C67-E107-45C2-87BF-31E55D7FCAFC}.Debug|x86.Build.0 = Debug|Win32
		{FBE55C67-E107-45C2-87BF-31E55D7FCAFC}.Release|x86.ActiveCfg = Release|Win32
		{FBE55C67-E107-45C2-87BF-31E55D7FCAFC}.Release|x86.Build.0 = Release|Win32
		{5039D1CB-8A81-4D6D-B131-06D88A24CBF5}.Debug|x86.ActiveCfg = Debug|Win32
		{5039D1CB-8A81-4D6D-B131-06D88A24CBF5}.Debug|x86.Build.0 = Debug|Win32
		{5039D1CB-8A81-4D6D-B131-06D88A24CBF5}.Release|x86.ActiveCfg = Release|Win32
		{5039D1CB-8A81-4D6D-B131-06D88A24CBF5}.Release|x86.Build.0 = Release|Win32
	EndGlobalSection
	GlobalSection(SolutionProperties) = preSolution
		HideSolutionNode = FALSE
	EndGlobalSection
	GlobalSection(ExtensibilityGlobals) = postSolution
		SolutionGuid = {EFD60B4E-F3E5-456B-A568-1F576AEC631D}
	EndGlobalSection
EndGlobal
