<?xml version="1.0" encoding="utf-8"?>
<Project ToolsVersion="4.0" xmlns="http://schemas.microsoft.com/developer/msbuild/2003">
  <ItemGroup>
    <Filter Include="Source Files">
      <UniqueIdentifier>{fa4fa851-55e1-4223-a658-de253a35328e}</UniqueIdentifier>
      <Extensions>cpp;c;cxx;def;odl;idl;hpj;bat;asm</Extensions>
    </Filter>
    <Filter Include="Header Files">
      <UniqueIdentifier>{bae07b0b-0569-4580-86b7-b13ffb26e03e}</UniqueIdentifier>
      <Extensions>h;hpp;hxx;hm;inl;inc</Extensions>
    </Filter>
    <Filter Include="Resource Files">
      <UniqueIdentifier>{4bad4a3d-4a64-457f-b980-5a1d6575891e}</UniqueIdentifier>
      <Extensions>rc;ico;cur;bmp;dlg;rc2;rct;bin;rgs;gif;jpg;jpeg;jpe</Extensions>
    </Filter>
  </ItemGroup>
  <ItemGroup>
    <ClCompile Include="DetermineAddress.cpp">
      <Filter>Source Files</Filter>
    </ClCompile>
    <ClCompile Include="..\JFX\JString.cpp">
      <Filter>Source Files</Filter>
    </ClCompile>
    <ClCompile Include="stdafx.cpp">
      <Filter>Source Files</Filter>
    </ClCompile>
    <ClCompile Include="SymbolEngine.cpp">
      <Filter>Source Files</Filter>
    </ClCompile>
    <ClCompile Include="SymEngWIDE.cpp">
      <Filter>Source Files</Filter>
    </ClCompile>
    <ClCompile Include="TypeDecoding.cpp">
      <Filter>Source Files</Filter>
    </ClCompile>
    <ClCompile Include="ValueDecoding.cpp">
      <Filter>Source Files</Filter>
    </ClCompile>
  </ItemGroup>
  <ItemGroup>
    <ClInclude Include="SymEngInternal.h">
      <Filter>Source Files</Filter>
    </ClInclude>
    <ClInclude Include="..\Include\DecodedType.h">
      <Filter>Header Files</Filter>
    </ClInclude>
    <ClInclude Include="stdafx.h">
      <Filter>Header Files</Filter>
    </ClInclude>
    <ClInclude Include="..\Include\SymbolEngine.h">
      <Filter>Header Files</Filter>
    </ClInclude>
    <ClInclude Include="..\Include\VariableInfo.h">
      <Filter>Header Files</Filter>
    </ClInclude>
  </ItemGroup>
</Project>