<?xml version="1.0" encoding="utf-8"?>
<Project ToolsVersion="4.0" xmlns="http://schemas.microsoft.com/developer/msbuild/2003">
  <ItemGroup>
    <Filter Include="Source Files">
      <UniqueIdentifier>{bd573af7-10c6-4d0a-b7d4-a6e8db3f5237}</UniqueIdentifier>
    </Filter>
    <Filter Include="Header Files">
      <UniqueIdentifier>{b63e91f6-5385-406e-a79b-76e9940f1614}</UniqueIdentifier>
    </Filter>
  </ItemGroup>
  <ItemGroup>
    <ClCompile Include="plist_cache.cpp">
      <Filter>Source Files</Filter>
    </ClCompile>
    <ClCompile Include="plist_cinfo.cpp">
      <Filter>Source Files</Filter>
    </ClCompile>
    <ClCompile Include="plist_cmd.cpp">
      <Filter>Source Files</Filter>
    </ClCompile>
    <ClCompile Include="plist_html.cpp">
      <Filter>Source Files</Filter>
    </ClCompile>
    <ClCompile Include="plist_inet.cpp">
      <Filter>Source Files</Filter>
    </ClCompile>
    <ClCompile Include="plist_md5.cpp">
      <Filter>Source Files</Filter>
    </ClCompile>
    <ClCompile Include="plist_mgr.cpp">
      <Filter>Source Files</Filter>
    </ClCompile>
    <ClCompile Include="plist_parser.cpp">
      <Filter>Source Files</Filter>
    </ClCompile>
    <ClCompile Include="plist_privcache.cpp">
      <Filter>Source Files</Filter>
    </ClCompile>
    <ClCompile Include="plist_secret.cpp">
      <Filter>Source Files</Filter>
    </ClCompile>
    <ClCompile Include="plist_stg.cpp">
      <Filter>Source Files</Filter>
    </ClCompile>
    <ClCompile Include="plist_utils.cpp">
      <Filter>Source Files</Filter>
    </ClCompile>
    <ClCompile Include="plist_xmlrpc.cpp">
      <Filter>Source Files</Filter>
    </ClCompile>
    <ClCompile Include="..\..\GSSupport\secchk.c">
      <Filter>Source Files</Filter>
    </ClCompile>
    <ClCompile Include="..\..\GSSupport\seccinit.c">
      <Filter>Source Files</Filter>
    </ClCompile>
    <ClCompile Include="..\..\GSSupport\seccook.c">
      <Filter>Source Files</Filter>
    </ClCompile>
    <ClCompile Include="StdAfx.cpp">
      <Filter>Source Files</Filter>
    </ClCompile>
    <ClCompile Include="xml_parser_base.cpp">
      <Filter>Source Files</Filter>
    </ClCompile>
  </ItemGroup>
  <ItemGroup>
    <ClInclude Include="plist_debug.h">
      <Filter>Source Files</Filter>
    </ClInclude>
    <ClInclude Include="plist_cache.h">
      <Filter>Header Files</Filter>
    </ClInclude>
    <ClInclude Include="plist_cinfo.h">
      <Filter>Header Files</Filter>
    </ClInclude>
    <ClInclude Include="plist_cmd.h">
      <Filter>Header Files</Filter>
    </ClInclude>
    <ClInclude Include="plist_fast.h">
      <Filter>Header Files</Filter>
    </ClInclude>
    <ClInclude Include="plist_html.h">
      <Filter>Header Files</Filter>
    </ClInclude>
    <ClInclude Include="plist_inet.h">
      <Filter>Header Files</Filter>
    </ClInclude>
    <ClInclude Include="plist_md5.h">
      <Filter>Header Files</Filter>
    </ClInclude>
    <ClInclude Include="plist_mgr.h">
      <Filter>Header Files</Filter>
    </ClInclude>
    <ClInclude Include="plist_parser.h">
      <Filter>Header Files</Filter>
    </ClInclude>
    <ClInclude Include="plist_privcache.h">
      <Filter>Header Files</Filter>
    </ClInclude>
    <ClInclude Include="plist_secret.h">
      <Filter>Header Files</Filter>
    </ClInclude>
    <ClInclude Include="plist_stg.h">
      <Filter>Header Files</Filter>
    </ClInclude>
    <ClInclude Include="plist_utils.h">
      <Filter>Header Files</Filter>
    </ClInclude>
    <ClInclude Include="plist_xmlmap.h">
      <Filter>Header Files</Filter>
    </ClInclude>
    <ClInclude Include="plist_xmlrpc.h">
      <Filter>Header Files</Filter>
    </ClInclude>
    <ClInclude Include="StdAfx.h">
      <Filter>Header Files</Filter>
    </ClInclude>
    <ClInclude Include="xml_parser_base.h">
      <Filter>Header Files</Filter>
    </ClInclude>
  </ItemGroup>
  <ItemGroup>
    <None Include="plstclnt.def" />
  </ItemGroup>
</Project>